// !$*UTF8*$!
{
	archiveVersion = 1;
	classes = {
	};
	objectVersion = 56;
	objects = {

/* Begin PBXBuildFile section */
		9D27C4842A3A55BA00E3CAF5 /* LoginUserReq.swift in Sources */ = {isa = PBXBuildFile; fileRef = 9D27C4832A3A55BA00E3CAF5 /* LoginUserReq.swift */; };
		9D71ACEB2A32506100463620 /* RecipeImgTableViewCell.swift in Sources */ = {isa = PBXBuildFile; fileRef = 9D71ACEA2A32506100463620 /* RecipeImgTableViewCell.swift */; };
		9D71ACEE2A3251A200463620 /* AddRecipeSection.swift in Sources */ = {isa = PBXBuildFile; fileRef = 9D71ACED2A3251A200463620 /* AddRecipeSection.swift */; };
		9D71ACF02A3252A900463620 /* PropertiesTextFieldsCell.swift in Sources */ = {isa = PBXBuildFile; fileRef = 9D71ACEF2A3252A900463620 /* PropertiesTextFieldsCell.swift */; };
		9D71ACF22A32572E00463620 /* ConfirmButtonTableViewCell.swift in Sources */ = {isa = PBXBuildFile; fileRef = 9D71ACF12A32572E00463620 /* ConfirmButtonTableViewCell.swift */; };
		9D71ACF42A328ADB00463620 /* RecipeImageTableViewCell.swift in Sources */ = {isa = PBXBuildFile; fileRef = 9D71ACF32A328ADB00463620 /* RecipeImageTableViewCell.swift */; };
		9D71ACF72A333CFB00463620 /* DetailRecipeSection.swift in Sources */ = {isa = PBXBuildFile; fileRef = 9D71ACF62A333CFB00463620 /* DetailRecipeSection.swift */; };
		9D71ACF92A33405D00463620 /* RecipeLetterTableViewCell.swift in Sources */ = {isa = PBXBuildFile; fileRef = 9D71ACF82A33405D00463620 /* RecipeLetterTableViewCell.swift */; };
		9D71ACFD2A33E0D600463620 /* DividerAndLabel.swift in Sources */ = {isa = PBXBuildFile; fileRef = 9D71ACFC2A33E0D600463620 /* DividerAndLabel.swift */; };
		9D71ACFF2A347C1800463620 /* PaddingTextField.swift in Sources */ = {isa = PBXBuildFile; fileRef = 9D71ACFE2A347C1800463620 /* PaddingTextField.swift */; };
		9D71AD012A347DB600463620 /* UITextField+Extension.swift in Sources */ = {isa = PBXBuildFile; fileRef = 9D71AD002A347DB600463620 /* UITextField+Extension.swift */; };
		9D71AD032A3490C200463620 /* UIView+Extension.swift in Sources */ = {isa = PBXBuildFile; fileRef = 9D71AD022A3490C200463620 /* UIView+Extension.swift */; };
		9D71AD052A36244000463620 /* IconWithLabel.swift in Sources */ = {isa = PBXBuildFile; fileRef = 9D71AD042A36244000463620 /* IconWithLabel.swift */; };
		9D71AD072A36260000463620 /* UILabel+Extensions.swift in Sources */ = {isa = PBXBuildFile; fileRef = 9D71AD062A36260000463620 /* UILabel+Extensions.swift */; };
		9D71AD092A38C7F900463620 /* GoogleService-Info.plist in Resources */ = {isa = PBXBuildFile; fileRef = 9D71AD082A38C7F900463620 /* GoogleService-Info.plist */; };
		9D71AD182A3A18D200463620 /* AuthService.swift in Sources */ = {isa = PBXBuildFile; fileRef = 9D71AD172A3A18D200463620 /* AuthService.swift */; };
		9D71AD1E2A3A4E1600463620 /* RegisterUserReq.swift in Sources */ = {isa = PBXBuildFile; fileRef = 9D71AD1D2A3A4E1600463620 /* RegisterUserReq.swift */; };
		9D929E9C2A3FA01500D227BD /* Onboarding.swift in Sources */ = {isa = PBXBuildFile; fileRef = 9D929E9B2A3FA01500D227BD /* Onboarding.swift */; };
		9D929E9F2A3FA12600D227BD /* OnboardingView.swift in Sources */ = {isa = PBXBuildFile; fileRef = 9D929E9E2A3FA12600D227BD /* OnboardingView.swift */; };
		9D929EA22A3FA42800D227BD /* OnboardingCell.swift in Sources */ = {isa = PBXBuildFile; fileRef = 9D929EA12A3FA42800D227BD /* OnboardingCell.swift */; };
		9D929EA52A3FA60000D227BD /* CircleButton.swift in Sources */ = {isa = PBXBuildFile; fileRef = 9D929EA42A3FA60000D227BD /* CircleButton.swift */; };
		9D929EA72A4086FB00D227BD /* ImageHelper.swift in Sources */ = {isa = PBXBuildFile; fileRef = 9D929EA62A4086FB00D227BD /* ImageHelper.swift */; };
		9D929EAD2A41257400D227BD /* lf30_y0m027flf.json in Resources */ = {isa = PBXBuildFile; fileRef = 9D929EAC2A41257400D227BD /* lf30_y0m027flf.json */; };
		9D929EAF2A41D2E800D227BD /* UIPageControl+Extension.swift in Sources */ = {isa = PBXBuildFile; fileRef = 9D929EAE2A41D2E800D227BD /* UIPageControl+Extension.swift */; };
		9D929EB12A41F01900D227BD /* OnboardingViewModel.swift in Sources */ = {isa = PBXBuildFile; fileRef = 9D929EB02A41F01900D227BD /* OnboardingViewModel.swift */; };
		9D929EB32A43B14000D227BD /* someExtension.swift in Sources */ = {isa = PBXBuildFile; fileRef = 9D929EB22A43B14000D227BD /* someExtension.swift */; };
		9D929EB62A44B51C00D227BD /* MaterialChipCell.swift in Sources */ = {isa = PBXBuildFile; fileRef = 9D929EB52A44B51C00D227BD /* MaterialChipCell.swift */; };
		9D929EB82A44DBDF00D227BD /* ChipButton.swift in Sources */ = {isa = PBXBuildFile; fileRef = 9D929EB72A44DBDF00D227BD /* ChipButton.swift */; };
		9D929EBE2A461A6400D227BD /* SearchViewController.swift in Sources */ = {isa = PBXBuildFile; fileRef = 9D929EBD2A461A6400D227BD /* SearchViewController.swift */; };
		9D929EC12A46404D00D227BD /* WrapView.swift in Sources */ = {isa = PBXBuildFile; fileRef = 9D929EC02A46404D00D227BD /* WrapView.swift */; };
		9D929EC42A46642000D227BD /* SearchSectionModel.swift in Sources */ = {isa = PBXBuildFile; fileRef = 9D929EC32A46642000D227BD /* SearchSectionModel.swift */; };
		9D929EC62A46692A00D227BD /* SearchViewModel.swift in Sources */ = {isa = PBXBuildFile; fileRef = 9D929EC52A46692A00D227BD /* SearchViewModel.swift */; };
		9D929ECA2A475CF100D227BD /* SearchResultVC.swift in Sources */ = {isa = PBXBuildFile; fileRef = 9D929EC92A475CF100D227BD /* SearchResultVC.swift */; };
		9D929ECE2A47996000D227BD /* RecipeCardSearchCell.swift in Sources */ = {isa = PBXBuildFile; fileRef = 9D929ECD2A47996000D227BD /* RecipeCardSearchCell.swift */; };
		9D929ED02A4891E000D227BD /* MaterialListCell.swift in Sources */ = {isa = PBXBuildFile; fileRef = 9D929ECF2A4891E000D227BD /* MaterialListCell.swift */; };
		9D929ED72A4B98A800D227BD /* SettingsViewController.swift in Sources */ = {isa = PBXBuildFile; fileRef = 9D929ED62A4B98A800D227BD /* SettingsViewController.swift */; };
		9DD5082C2A3C9E32006C9E67 /* Validator.swift in Sources */ = {isa = PBXBuildFile; fileRef = 9DD5082B2A3C9E32006C9E67 /* Validator.swift */; };
		9DD5082F2A3CA855006C9E67 /* AlertManager.swift in Sources */ = {isa = PBXBuildFile; fileRef = 9DD5082E2A3CA855006C9E67 /* AlertManager.swift */; };
		9DD508322A3CB0C3006C9E67 /* AuthHeaderView.swift in Sources */ = {isa = PBXBuildFile; fileRef = 9DD508312A3CB0C3006C9E67 /* AuthHeaderView.swift */; };
		9DD508342A3CB0EA006C9E67 /* CustomTextField.swift in Sources */ = {isa = PBXBuildFile; fileRef = 9DD508332A3CB0EA006C9E67 /* CustomTextField.swift */; };
		9DD508362A3CB112006C9E67 /* CustomButton.swift in Sources */ = {isa = PBXBuildFile; fileRef = 9DD508352A3CB112006C9E67 /* CustomButton.swift */; };
		9DD508382A3F1F24006C9E67 /* CustomSignInButton.swift in Sources */ = {isa = PBXBuildFile; fileRef = 9DD508372A3F1F24006C9E67 /* CustomSignInButton.swift */; };
		9DD9B9D92A4CA2290007EDB1 /* ProfileViewModel.swift in Sources */ = {isa = PBXBuildFile; fileRef = 9DD9B9D82A4CA2290007EDB1 /* ProfileViewModel.swift */; };
		9DD9B9DE2A4CEA970007EDB1 /* ProfileService.swift in Sources */ = {isa = PBXBuildFile; fileRef = 9DD9B9DD2A4CEA970007EDB1 /* ProfileService.swift */; };
		9DD9B9E02A4D01850007EDB1 /* AddRecipeViewModel.swift in Sources */ = {isa = PBXBuildFile; fileRef = 9DD9B9DF2A4D01850007EDB1 /* AddRecipeViewModel.swift */; };
		9DD9B9E32A507B610007EDB1 /* FirebaseAnalytics in Frameworks */ = {isa = PBXBuildFile; productRef = 9DD9B9E22A507B610007EDB1 /* FirebaseAnalytics */; };
		9DD9B9E52A507B610007EDB1 /* FirebaseAnalyticsSwift in Frameworks */ = {isa = PBXBuildFile; productRef = 9DD9B9E42A507B610007EDB1 /* FirebaseAnalyticsSwift */; };
		9DD9B9E72A507B610007EDB1 /* FirebaseAppCheck in Frameworks */ = {isa = PBXBuildFile; productRef = 9DD9B9E62A507B610007EDB1 /* FirebaseAppCheck */; };
		9DD9B9E92A507B610007EDB1 /* FirebaseAppDistribution-Beta in Frameworks */ = {isa = PBXBuildFile; productRef = 9DD9B9E82A507B610007EDB1 /* FirebaseAppDistribution-Beta */; };
		9DD9B9EB2A507B610007EDB1 /* FirebaseAuth in Frameworks */ = {isa = PBXBuildFile; productRef = 9DD9B9EA2A507B610007EDB1 /* FirebaseAuth */; };
		9DD9B9ED2A507B610007EDB1 /* FirebaseCrashlytics in Frameworks */ = {isa = PBXBuildFile; productRef = 9DD9B9EC2A507B610007EDB1 /* FirebaseCrashlytics */; };
		9DD9B9EF2A507B610007EDB1 /* FirebaseDatabase in Frameworks */ = {isa = PBXBuildFile; productRef = 9DD9B9EE2A507B610007EDB1 /* FirebaseDatabase */; };
		9DD9B9F12A507B610007EDB1 /* FirebaseDatabaseSwift in Frameworks */ = {isa = PBXBuildFile; productRef = 9DD9B9F02A507B610007EDB1 /* FirebaseDatabaseSwift */; };
		9DD9B9F32A507B610007EDB1 /* FirebaseDynamicLinks in Frameworks */ = {isa = PBXBuildFile; productRef = 9DD9B9F22A507B610007EDB1 /* FirebaseDynamicLinks */; };
		9DD9B9F52A507B610007EDB1 /* FirebaseFirestore in Frameworks */ = {isa = PBXBuildFile; productRef = 9DD9B9F42A507B610007EDB1 /* FirebaseFirestore */; };
		9DD9B9F72A507B610007EDB1 /* FirebaseFirestoreSwift in Frameworks */ = {isa = PBXBuildFile; productRef = 9DD9B9F62A507B610007EDB1 /* FirebaseFirestoreSwift */; };
		9DD9B9F92A507B610007EDB1 /* FirebaseFunctions in Frameworks */ = {isa = PBXBuildFile; productRef = 9DD9B9F82A507B610007EDB1 /* FirebaseFunctions */; };
		9DD9B9FB2A507B610007EDB1 /* FirebaseStorage in Frameworks */ = {isa = PBXBuildFile; productRef = 9DD9B9FA2A507B610007EDB1 /* FirebaseStorage */; };
		9DD9BA002A50BD490007EDB1 /* RecipeCardModel.swift in Sources */ = {isa = PBXBuildFile; fileRef = 9DD9B9FF2A50BD490007EDB1 /* RecipeCardModel.swift */; };
		9DD9BA032A542DFB0007EDB1 /* Kingfisher in Frameworks */ = {isa = PBXBuildFile; productRef = 9DD9BA022A542DFB0007EDB1 /* Kingfisher */; };
		9DD9BA062A54D5160007EDB1 /* RecipeDeleteBtnCell.swift in Sources */ = {isa = PBXBuildFile; fileRef = 9DD9BA052A54D5160007EDB1 /* RecipeDeleteBtnCell.swift */; };
		9DD9BA082A55FFD50007EDB1 /* SearchService.swift in Sources */ = {isa = PBXBuildFile; fileRef = 9DD9BA072A55FFD50007EDB1 /* SearchService.swift */; };
		9DD9BA0F2A583E5A0007EDB1 /* HomeService.swift in Sources */ = {isa = PBXBuildFile; fileRef = 9DD9BA0E2A583E5A0007EDB1 /* HomeService.swift */; };
		9DD9BA112A587C920007EDB1 /* HomeRecipeCardModel.swift in Sources */ = {isa = PBXBuildFile; fileRef = 9DD9BA102A587C920007EDB1 /* HomeRecipeCardModel.swift */; };
		9DD9BA162A5EF9DA0007EDB1 /* MaterialSelectionPresentVC.swift in Sources */ = {isa = PBXBuildFile; fileRef = 9DD9BA152A5EF9DA0007EDB1 /* MaterialSelectionPresentVC.swift */; };
		9DD9BA182A5EFB7C0007EDB1 /* MaterialSelectionPresentVM.swift in Sources */ = {isa = PBXBuildFile; fileRef = 9DD9BA172A5EFB7C0007EDB1 /* MaterialSelectionPresentVM.swift */; };
		9DD9BA1A2A609BE30007EDB1 /* SearchModel.swift in Sources */ = {isa = PBXBuildFile; fileRef = 9DD9BA192A609BE30007EDB1 /* SearchModel.swift */; };
		9DD9BA1C2A62F0E40007EDB1 /* SearchByMaterialsVC.swift in Sources */ = {isa = PBXBuildFile; fileRef = 9DD9BA1B2A62F0E40007EDB1 /* SearchByMaterialsVC.swift */; };
		9DD9BA1E2A647CCB0007EDB1 /* DetailViewModel.swift in Sources */ = {isa = PBXBuildFile; fileRef = 9DD9BA1D2A647CCB0007EDB1 /* DetailViewModel.swift */; };
		9DD9BA202A653E8A0007EDB1 /* LogOutAndDeleteTableViewCell.swift in Sources */ = {isa = PBXBuildFile; fileRef = 9DD9BA1F2A653E8A0007EDB1 /* LogOutAndDeleteTableViewCell.swift */; };
		9DD9BA222A6574CF0007EDB1 /* SettingsSectionModel.swift in Sources */ = {isa = PBXBuildFile; fileRef = 9DD9BA212A6574CF0007EDB1 /* SettingsSectionModel.swift */; };
		9DD9BA242A6586370007EDB1 /* SettingsViewModel.swift in Sources */ = {isa = PBXBuildFile; fileRef = 9DD9BA232A6586370007EDB1 /* SettingsViewModel.swift */; };
		9DD9BA262A66E2340007EDB1 /* MainCardSearchModel.swift in Sources */ = {isa = PBXBuildFile; fileRef = 9DD9BA252A66E2340007EDB1 /* MainCardSearchModel.swift */; };
		9DD9BA282A67E8330007EDB1 /* EmptyVC.swift in Sources */ = {isa = PBXBuildFile; fileRef = 9DD9BA272A67E8330007EDB1 /* EmptyVC.swift */; };
		9DD9BA6B2A67FD610007EDB1 /* CustomLabel.swift in Sources */ = {isa = PBXBuildFile; fileRef = 9DD9BA6A2A67FD610007EDB1 /* CustomLabel.swift */; };
		9DD9BA6D2A67FD770007EDB1 /* CustomIcon.swift in Sources */ = {isa = PBXBuildFile; fileRef = 9DD9BA6C2A67FD770007EDB1 /* CustomIcon.swift */; };
		9DE036792A2DF34E00412B4D /* AppDelegate.swift in Sources */ = {isa = PBXBuildFile; fileRef = 9DE036782A2DF34E00412B4D /* AppDelegate.swift */; };
		9DE0367B2A2DF34E00412B4D /* SceneDelegate.swift in Sources */ = {isa = PBXBuildFile; fileRef = 9DE0367A2A2DF34E00412B4D /* SceneDelegate.swift */; };
		9DE0367D2A2DF34E00412B4D /* HomeVC.swift in Sources */ = {isa = PBXBuildFile; fileRef = 9DE0367C2A2DF34E00412B4D /* HomeVC.swift */; };
		9DE036822A2DF35000412B4D /* Assets.xcassets in Resources */ = {isa = PBXBuildFile; fileRef = 9DE036812A2DF35000412B4D /* Assets.xcassets */; };
		9DE036852A2DF35000412B4D /* LaunchScreen.storyboard in Resources */ = {isa = PBXBuildFile; fileRef = 9DE036832A2DF35000412B4D /* LaunchScreen.storyboard */; };
		9DE036902A2DF35000412B4D /* FoodyTests.swift in Sources */ = {isa = PBXBuildFile; fileRef = 9DE0368F2A2DF35000412B4D /* FoodyTests.swift */; };
		9DE0369A2A2DF35000412B4D /* FoodyUITests.swift in Sources */ = {isa = PBXBuildFile; fileRef = 9DE036992A2DF35000412B4D /* FoodyUITests.swift */; };
		9DE0369C2A2DF35000412B4D /* FoodyUITestsLaunchTests.swift in Sources */ = {isa = PBXBuildFile; fileRef = 9DE0369B2A2DF35000412B4D /* FoodyUITestsLaunchTests.swift */; };
		9DE036B82A2DF63900412B4D /* HomeViewModel.swift in Sources */ = {isa = PBXBuildFile; fileRef = 9DE036B72A2DF63900412B4D /* HomeViewModel.swift */; };
		9DE036BA2A2DF85600412B4D /* TabBarViewController.swift in Sources */ = {isa = PBXBuildFile; fileRef = 9DE036B92A2DF85600412B4D /* TabBarViewController.swift */; };
		9DE036C72A2DFDEC00412B4D /* RegisterVC.swift in Sources */ = {isa = PBXBuildFile; fileRef = 9DE036C62A2DFDEC00412B4D /* RegisterVC.swift */; };
		9DE036C92A2DFDF800412B4D /* LoginVC.swift in Sources */ = {isa = PBXBuildFile; fileRef = 9DE036C82A2DFDF800412B4D /* LoginVC.swift */; };
		9DE036CB2A2DFE0200412B4D /* OnboardingVC.swift in Sources */ = {isa = PBXBuildFile; fileRef = 9DE036CA2A2DFE0200412B4D /* OnboardingVC.swift */; };
		9DE036D32A2DFE9A00412B4D /* ProfilVC.swift in Sources */ = {isa = PBXBuildFile; fileRef = 9DE036D22A2DFE9A00412B4D /* ProfilVC.swift */; };
		9DE036D62A2E0FB100412B4D /* SnapKit in Frameworks */ = {isa = PBXBuildFile; productRef = 9DE036D52A2E0FB100412B4D /* SnapKit */; };
		9DE036D82A2E1B5900412B4D /* ImageConstants.swift in Sources */ = {isa = PBXBuildFile; fileRef = 9DE036D72A2E1B5900412B4D /* ImageConstants.swift */; };
		9DE036DB2A2F856100412B4D /* ProfilSection.swift in Sources */ = {isa = PBXBuildFile; fileRef = 9DE036DA2A2F856100412B4D /* ProfilSection.swift */; };
		9DE036DE2A2F867C00412B4D /* ProfilImageTableViewCell.swift in Sources */ = {isa = PBXBuildFile; fileRef = 9DE036DD2A2F867C00412B4D /* ProfilImageTableViewCell.swift */; };
		9DE036E02A2FD0F400412B4D /* UIImageView+Extension.swift in Sources */ = {isa = PBXBuildFile; fileRef = 9DE036DF2A2FD0F400412B4D /* UIImageView+Extension.swift */; };
		9DE036EA2A3109C600412B4D /* RecipeCardTableViewCell.swift in Sources */ = {isa = PBXBuildFile; fileRef = 9DE036E92A3109C600412B4D /* RecipeCardTableViewCell.swift */; };
		9DE036ED2A310D3100412B4D /* HomeSectionModel.swift in Sources */ = {isa = PBXBuildFile; fileRef = 9DE036EC2A310D3100412B4D /* HomeSectionModel.swift */; };
		9DE036FB2A321E6E00412B4D /* DetailRecipeVC.swift in Sources */ = {isa = PBXBuildFile; fileRef = 9DE036FA2A321E6E00412B4D /* DetailRecipeVC.swift */; };
		9DE036FD2A321E9200412B4D /* AddRecipeVC.swift in Sources */ = {isa = PBXBuildFile; fileRef = 9DE036FC2A321E9200412B4D /* AddRecipeVC.swift */; };
/* End PBXBuildFile section */

/* Begin PBXContainerItemProxy section */
		9DE0368C2A2DF35000412B4D /* PBXContainerItemProxy */ = {
			isa = PBXContainerItemProxy;
			containerPortal = 9DE0366D2A2DF34E00412B4D /* Project object */;
			proxyType = 1;
			remoteGlobalIDString = 9DE036742A2DF34E00412B4D;
			remoteInfo = Foody;
		};
		9DE036962A2DF35000412B4D /* PBXContainerItemProxy */ = {
			isa = PBXContainerItemProxy;
			containerPortal = 9DE0366D2A2DF34E00412B4D /* Project object */;
			proxyType = 1;
			remoteGlobalIDString = 9DE036742A2DF34E00412B4D;
			remoteInfo = Foody;
		};
/* End PBXContainerItemProxy section */

/* Begin PBXFileReference section */
		9D27C4832A3A55BA00E3CAF5 /* LoginUserReq.swift */ = {isa = PBXFileReference; lastKnownFileType = sourcecode.swift; path = LoginUserReq.swift; sourceTree = "<group>"; };
		9D71ACEA2A32506100463620 /* RecipeImgTableViewCell.swift */ = {isa = PBXFileReference; lastKnownFileType = sourcecode.swift; path = RecipeImgTableViewCell.swift; sourceTree = "<group>"; };
		9D71ACED2A3251A200463620 /* AddRecipeSection.swift */ = {isa = PBXFileReference; lastKnownFileType = sourcecode.swift; path = AddRecipeSection.swift; sourceTree = "<group>"; };
		9D71ACEF2A3252A900463620 /* PropertiesTextFieldsCell.swift */ = {isa = PBXFileReference; lastKnownFileType = sourcecode.swift; path = PropertiesTextFieldsCell.swift; sourceTree = "<group>"; };
		9D71ACF12A32572E00463620 /* ConfirmButtonTableViewCell.swift */ = {isa = PBXFileReference; lastKnownFileType = sourcecode.swift; path = ConfirmButtonTableViewCell.swift; sourceTree = "<group>"; };
		9D71ACF32A328ADB00463620 /* RecipeImageTableViewCell.swift */ = {isa = PBXFileReference; lastKnownFileType = sourcecode.swift; path = RecipeImageTableViewCell.swift; sourceTree = "<group>"; };
		9D71ACF62A333CFB00463620 /* DetailRecipeSection.swift */ = {isa = PBXFileReference; lastKnownFileType = sourcecode.swift; path = DetailRecipeSection.swift; sourceTree = "<group>"; };
		9D71ACF82A33405D00463620 /* RecipeLetterTableViewCell.swift */ = {isa = PBXFileReference; lastKnownFileType = sourcecode.swift; path = RecipeLetterTableViewCell.swift; sourceTree = "<group>"; };
		9D71ACFC2A33E0D600463620 /* DividerAndLabel.swift */ = {isa = PBXFileReference; lastKnownFileType = sourcecode.swift; path = DividerAndLabel.swift; sourceTree = "<group>"; };
		9D71ACFE2A347C1800463620 /* PaddingTextField.swift */ = {isa = PBXFileReference; lastKnownFileType = sourcecode.swift; path = PaddingTextField.swift; sourceTree = "<group>"; };
		9D71AD002A347DB600463620 /* UITextField+Extension.swift */ = {isa = PBXFileReference; lastKnownFileType = sourcecode.swift; path = "UITextField+Extension.swift"; sourceTree = "<group>"; };
		9D71AD022A3490C200463620 /* UIView+Extension.swift */ = {isa = PBXFileReference; lastKnownFileType = sourcecode.swift; path = "UIView+Extension.swift"; sourceTree = "<group>"; };
		9D71AD042A36244000463620 /* IconWithLabel.swift */ = {isa = PBXFileReference; lastKnownFileType = sourcecode.swift; path = IconWithLabel.swift; sourceTree = "<group>"; };
		9D71AD062A36260000463620 /* UILabel+Extensions.swift */ = {isa = PBXFileReference; lastKnownFileType = sourcecode.swift; path = "UILabel+Extensions.swift"; sourceTree = "<group>"; };
		9D71AD082A38C7F900463620 /* GoogleService-Info.plist */ = {isa = PBXFileReference; fileEncoding = 4; lastKnownFileType = text.plist.xml; path = "GoogleService-Info.plist"; sourceTree = "<group>"; };
		9D71AD172A3A18D200463620 /* AuthService.swift */ = {isa = PBXFileReference; lastKnownFileType = sourcecode.swift; path = AuthService.swift; sourceTree = "<group>"; };
		9D71AD1D2A3A4E1600463620 /* RegisterUserReq.swift */ = {isa = PBXFileReference; lastKnownFileType = sourcecode.swift; path = RegisterUserReq.swift; sourceTree = "<group>"; };
		9D929E9B2A3FA01500D227BD /* Onboarding.swift */ = {isa = PBXFileReference; lastKnownFileType = sourcecode.swift; path = Onboarding.swift; sourceTree = "<group>"; };
		9D929E9E2A3FA12600D227BD /* OnboardingView.swift */ = {isa = PBXFileReference; lastKnownFileType = sourcecode.swift; path = OnboardingView.swift; sourceTree = "<group>"; };
		9D929EA12A3FA42800D227BD /* OnboardingCell.swift */ = {isa = PBXFileReference; lastKnownFileType = sourcecode.swift; path = OnboardingCell.swift; sourceTree = "<group>"; };
		9D929EA42A3FA60000D227BD /* CircleButton.swift */ = {isa = PBXFileReference; lastKnownFileType = sourcecode.swift; path = CircleButton.swift; sourceTree = "<group>"; };
		9D929EA62A4086FB00D227BD /* ImageHelper.swift */ = {isa = PBXFileReference; lastKnownFileType = sourcecode.swift; path = ImageHelper.swift; sourceTree = "<group>"; };
		9D929EAC2A41257400D227BD /* lf30_y0m027flf.json */ = {isa = PBXFileReference; fileEncoding = 4; lastKnownFileType = text.json; path = lf30_y0m027flf.json; sourceTree = "<group>"; };
		9D929EAE2A41D2E800D227BD /* UIPageControl+Extension.swift */ = {isa = PBXFileReference; lastKnownFileType = sourcecode.swift; path = "UIPageControl+Extension.swift"; sourceTree = "<group>"; };
		9D929EB02A41F01900D227BD /* OnboardingViewModel.swift */ = {isa = PBXFileReference; lastKnownFileType = sourcecode.swift; path = OnboardingViewModel.swift; sourceTree = "<group>"; };
		9D929EB22A43B14000D227BD /* someExtension.swift */ = {isa = PBXFileReference; lastKnownFileType = sourcecode.swift; path = someExtension.swift; sourceTree = "<group>"; };
		9D929EB52A44B51C00D227BD /* MaterialChipCell.swift */ = {isa = PBXFileReference; lastKnownFileType = sourcecode.swift; path = MaterialChipCell.swift; sourceTree = "<group>"; };
		9D929EB72A44DBDF00D227BD /* ChipButton.swift */ = {isa = PBXFileReference; lastKnownFileType = sourcecode.swift; path = ChipButton.swift; sourceTree = "<group>"; };
		9D929EBD2A461A6400D227BD /* SearchViewController.swift */ = {isa = PBXFileReference; lastKnownFileType = sourcecode.swift; path = SearchViewController.swift; sourceTree = "<group>"; };
		9D929EC02A46404D00D227BD /* WrapView.swift */ = {isa = PBXFileReference; lastKnownFileType = sourcecode.swift; path = WrapView.swift; sourceTree = "<group>"; };
		9D929EC32A46642000D227BD /* SearchSectionModel.swift */ = {isa = PBXFileReference; lastKnownFileType = sourcecode.swift; path = SearchSectionModel.swift; sourceTree = "<group>"; };
		9D929EC52A46692A00D227BD /* SearchViewModel.swift */ = {isa = PBXFileReference; lastKnownFileType = sourcecode.swift; path = SearchViewModel.swift; sourceTree = "<group>"; };
		9D929EC92A475CF100D227BD /* SearchResultVC.swift */ = {isa = PBXFileReference; lastKnownFileType = sourcecode.swift; path = SearchResultVC.swift; sourceTree = "<group>"; };
		9D929ECD2A47996000D227BD /* RecipeCardSearchCell.swift */ = {isa = PBXFileReference; lastKnownFileType = sourcecode.swift; path = RecipeCardSearchCell.swift; sourceTree = "<group>"; };
		9D929ECF2A4891E000D227BD /* MaterialListCell.swift */ = {isa = PBXFileReference; lastKnownFileType = sourcecode.swift; path = MaterialListCell.swift; sourceTree = "<group>"; };
		9D929ED62A4B98A800D227BD /* SettingsViewController.swift */ = {isa = PBXFileReference; lastKnownFileType = sourcecode.swift; path = SettingsViewController.swift; sourceTree = "<group>"; };
		9DD5082B2A3C9E32006C9E67 /* Validator.swift */ = {isa = PBXFileReference; lastKnownFileType = sourcecode.swift; path = Validator.swift; sourceTree = "<group>"; };
		9DD5082E2A3CA855006C9E67 /* AlertManager.swift */ = {isa = PBXFileReference; lastKnownFileType = sourcecode.swift; path = AlertManager.swift; sourceTree = "<group>"; };
		9DD508312A3CB0C3006C9E67 /* AuthHeaderView.swift */ = {isa = PBXFileReference; lastKnownFileType = sourcecode.swift; path = AuthHeaderView.swift; sourceTree = "<group>"; };
		9DD508332A3CB0EA006C9E67 /* CustomTextField.swift */ = {isa = PBXFileReference; lastKnownFileType = sourcecode.swift; path = CustomTextField.swift; sourceTree = "<group>"; };
		9DD508352A3CB112006C9E67 /* CustomButton.swift */ = {isa = PBXFileReference; lastKnownFileType = sourcecode.swift; path = CustomButton.swift; sourceTree = "<group>"; };
		9DD508372A3F1F24006C9E67 /* CustomSignInButton.swift */ = {isa = PBXFileReference; lastKnownFileType = sourcecode.swift; path = CustomSignInButton.swift; sourceTree = "<group>"; };
		9DD9B9D82A4CA2290007EDB1 /* ProfileViewModel.swift */ = {isa = PBXFileReference; lastKnownFileType = sourcecode.swift; path = ProfileViewModel.swift; sourceTree = "<group>"; };
		9DD9B9DD2A4CEA970007EDB1 /* ProfileService.swift */ = {isa = PBXFileReference; lastKnownFileType = sourcecode.swift; path = ProfileService.swift; sourceTree = "<group>"; };
		9DD9B9DF2A4D01850007EDB1 /* AddRecipeViewModel.swift */ = {isa = PBXFileReference; lastKnownFileType = sourcecode.swift; path = AddRecipeViewModel.swift; sourceTree = "<group>"; };
		9DD9B9FF2A50BD490007EDB1 /* RecipeCardModel.swift */ = {isa = PBXFileReference; lastKnownFileType = sourcecode.swift; path = RecipeCardModel.swift; sourceTree = "<group>"; };
		9DD9BA052A54D5160007EDB1 /* RecipeDeleteBtnCell.swift */ = {isa = PBXFileReference; lastKnownFileType = sourcecode.swift; path = RecipeDeleteBtnCell.swift; sourceTree = "<group>"; };
		9DD9BA072A55FFD50007EDB1 /* SearchService.swift */ = {isa = PBXFileReference; lastKnownFileType = sourcecode.swift; path = SearchService.swift; sourceTree = "<group>"; };
		9DD9BA0E2A583E5A0007EDB1 /* HomeService.swift */ = {isa = PBXFileReference; lastKnownFileType = sourcecode.swift; path = HomeService.swift; sourceTree = "<group>"; };
		9DD9BA102A587C920007EDB1 /* HomeRecipeCardModel.swift */ = {isa = PBXFileReference; lastKnownFileType = sourcecode.swift; path = HomeRecipeCardModel.swift; sourceTree = "<group>"; };
		9DD9BA152A5EF9DA0007EDB1 /* MaterialSelectionPresentVC.swift */ = {isa = PBXFileReference; lastKnownFileType = sourcecode.swift; path = MaterialSelectionPresentVC.swift; sourceTree = "<group>"; };
		9DD9BA172A5EFB7C0007EDB1 /* MaterialSelectionPresentVM.swift */ = {isa = PBXFileReference; lastKnownFileType = sourcecode.swift; path = MaterialSelectionPresentVM.swift; sourceTree = "<group>"; };
		9DD9BA192A609BE30007EDB1 /* SearchModel.swift */ = {isa = PBXFileReference; lastKnownFileType = sourcecode.swift; path = SearchModel.swift; sourceTree = "<group>"; };
		9DD9BA1B2A62F0E40007EDB1 /* SearchByMaterialsVC.swift */ = {isa = PBXFileReference; lastKnownFileType = sourcecode.swift; path = SearchByMaterialsVC.swift; sourceTree = "<group>"; };
		9DD9BA1D2A647CCB0007EDB1 /* DetailViewModel.swift */ = {isa = PBXFileReference; lastKnownFileType = sourcecode.swift; path = DetailViewModel.swift; sourceTree = "<group>"; };
		9DD9BA1F2A653E8A0007EDB1 /* LogOutAndDeleteTableViewCell.swift */ = {isa = PBXFileReference; lastKnownFileType = sourcecode.swift; path = LogOutAndDeleteTableViewCell.swift; sourceTree = "<group>"; };
		9DD9BA212A6574CF0007EDB1 /* SettingsSectionModel.swift */ = {isa = PBXFileReference; lastKnownFileType = sourcecode.swift; path = SettingsSectionModel.swift; sourceTree = "<group>"; };
		9DD9BA232A6586370007EDB1 /* SettingsViewModel.swift */ = {isa = PBXFileReference; lastKnownFileType = sourcecode.swift; path = SettingsViewModel.swift; sourceTree = "<group>"; };
		9DD9BA252A66E2340007EDB1 /* MainCardSearchModel.swift */ = {isa = PBXFileReference; lastKnownFileType = sourcecode.swift; path = MainCardSearchModel.swift; sourceTree = "<group>"; };
		9DD9BA272A67E8330007EDB1 /* EmptyVC.swift */ = {isa = PBXFileReference; lastKnownFileType = sourcecode.swift; path = EmptyVC.swift; sourceTree = "<group>"; };
		9DD9BA6A2A67FD610007EDB1 /* CustomLabel.swift */ = {isa = PBXFileReference; lastKnownFileType = sourcecode.swift; path = CustomLabel.swift; sourceTree = "<group>"; };
		9DD9BA6C2A67FD770007EDB1 /* CustomIcon.swift */ = {isa = PBXFileReference; lastKnownFileType = sourcecode.swift; path = CustomIcon.swift; sourceTree = "<group>"; };
		9DE036752A2DF34E00412B4D /* Foody.app */ = {isa = PBXFileReference; explicitFileType = wrapper.application; includeInIndex = 0; path = Foody.app; sourceTree = BUILT_PRODUCTS_DIR; };
		9DE036782A2DF34E00412B4D /* AppDelegate.swift */ = {isa = PBXFileReference; lastKnownFileType = sourcecode.swift; path = AppDelegate.swift; sourceTree = "<group>"; };
		9DE0367A2A2DF34E00412B4D /* SceneDelegate.swift */ = {isa = PBXFileReference; lastKnownFileType = sourcecode.swift; path = SceneDelegate.swift; sourceTree = "<group>"; };
		9DE0367C2A2DF34E00412B4D /* HomeVC.swift */ = {isa = PBXFileReference; lastKnownFileType = sourcecode.swift; path = HomeVC.swift; sourceTree = "<group>"; };
		9DE036812A2DF35000412B4D /* Assets.xcassets */ = {isa = PBXFileReference; lastKnownFileType = folder.assetcatalog; path = Assets.xcassets; sourceTree = "<group>"; };
		9DE036842A2DF35000412B4D /* Base */ = {isa = PBXFileReference; lastKnownFileType = file.storyboard; name = Base; path = Base.lproj/LaunchScreen.storyboard; sourceTree = "<group>"; };
		9DE036862A2DF35000412B4D /* Info.plist */ = {isa = PBXFileReference; lastKnownFileType = text.plist.xml; path = Info.plist; sourceTree = "<group>"; };
		9DE0368B2A2DF35000412B4D /* FoodyTests.xctest */ = {isa = PBXFileReference; explicitFileType = wrapper.cfbundle; includeInIndex = 0; path = FoodyTests.xctest; sourceTree = BUILT_PRODUCTS_DIR; };
		9DE0368F2A2DF35000412B4D /* FoodyTests.swift */ = {isa = PBXFileReference; lastKnownFileType = sourcecode.swift; path = FoodyTests.swift; sourceTree = "<group>"; };
		9DE036952A2DF35000412B4D /* FoodyUITests.xctest */ = {isa = PBXFileReference; explicitFileType = wrapper.cfbundle; includeInIndex = 0; path = FoodyUITests.xctest; sourceTree = BUILT_PRODUCTS_DIR; };
		9DE036992A2DF35000412B4D /* FoodyUITests.swift */ = {isa = PBXFileReference; lastKnownFileType = sourcecode.swift; path = FoodyUITests.swift; sourceTree = "<group>"; };
		9DE0369B2A2DF35000412B4D /* FoodyUITestsLaunchTests.swift */ = {isa = PBXFileReference; lastKnownFileType = sourcecode.swift; path = FoodyUITestsLaunchTests.swift; sourceTree = "<group>"; };
		9DE036B72A2DF63900412B4D /* HomeViewModel.swift */ = {isa = PBXFileReference; lastKnownFileType = sourcecode.swift; path = HomeViewModel.swift; sourceTree = "<group>"; };
		9DE036B92A2DF85600412B4D /* TabBarViewController.swift */ = {isa = PBXFileReference; lastKnownFileType = sourcecode.swift; path = TabBarViewController.swift; sourceTree = "<group>"; };
		9DE036C62A2DFDEC00412B4D /* RegisterVC.swift */ = {isa = PBXFileReference; lastKnownFileType = sourcecode.swift; path = RegisterVC.swift; sourceTree = "<group>"; };
		9DE036C82A2DFDF800412B4D /* LoginVC.swift */ = {isa = PBXFileReference; lastKnownFileType = sourcecode.swift; path = LoginVC.swift; sourceTree = "<group>"; };
		9DE036CA2A2DFE0200412B4D /* OnboardingVC.swift */ = {isa = PBXFileReference; lastKnownFileType = sourcecode.swift; path = OnboardingVC.swift; sourceTree = "<group>"; };
		9DE036D22A2DFE9A00412B4D /* ProfilVC.swift */ = {isa = PBXFileReference; lastKnownFileType = sourcecode.swift; path = ProfilVC.swift; sourceTree = "<group>"; };
		9DE036D72A2E1B5900412B4D /* ImageConstants.swift */ = {isa = PBXFileReference; lastKnownFileType = sourcecode.swift; path = ImageConstants.swift; sourceTree = "<group>"; };
		9DE036DA2A2F856100412B4D /* ProfilSection.swift */ = {isa = PBXFileReference; lastKnownFileType = sourcecode.swift; path = ProfilSection.swift; sourceTree = "<group>"; };
		9DE036DD2A2F867C00412B4D /* ProfilImageTableViewCell.swift */ = {isa = PBXFileReference; lastKnownFileType = sourcecode.swift; path = ProfilImageTableViewCell.swift; sourceTree = "<group>"; };
		9DE036DF2A2FD0F400412B4D /* UIImageView+Extension.swift */ = {isa = PBXFileReference; lastKnownFileType = sourcecode.swift; path = "UIImageView+Extension.swift"; sourceTree = "<group>"; };
		9DE036E92A3109C600412B4D /* RecipeCardTableViewCell.swift */ = {isa = PBXFileReference; lastKnownFileType = sourcecode.swift; path = RecipeCardTableViewCell.swift; sourceTree = "<group>"; };
		9DE036EC2A310D3100412B4D /* HomeSectionModel.swift */ = {isa = PBXFileReference; lastKnownFileType = sourcecode.swift; path = HomeSectionModel.swift; sourceTree = "<group>"; };
		9DE036FA2A321E6E00412B4D /* DetailRecipeVC.swift */ = {isa = PBXFileReference; lastKnownFileType = sourcecode.swift; path = DetailRecipeVC.swift; sourceTree = "<group>"; };
		9DE036FC2A321E9200412B4D /* AddRecipeVC.swift */ = {isa = PBXFileReference; lastKnownFileType = sourcecode.swift; path = AddRecipeVC.swift; sourceTree = "<group>"; };
/* End PBXFileReference section */

/* Begin PBXFrameworksBuildPhase section */
		9DE036722A2DF34E00412B4D /* Frameworks */ = {
			isa = PBXFrameworksBuildPhase;
			buildActionMask = 2147483647;
			files = (
				9DD9B9F12A507B610007EDB1 /* FirebaseDatabaseSwift in Frameworks */,
				9DD9B9F92A507B610007EDB1 /* FirebaseFunctions in Frameworks */,
				9DD9B9F32A507B610007EDB1 /* FirebaseDynamicLinks in Frameworks */,
				9DD9B9E52A507B610007EDB1 /* FirebaseAnalyticsSwift in Frameworks */,
				9DD9BA032A542DFB0007EDB1 /* Kingfisher in Frameworks */,
				9DE036D62A2E0FB100412B4D /* SnapKit in Frameworks */,
				9DD9B9F52A507B610007EDB1 /* FirebaseFirestore in Frameworks */,
				9DD9B9E72A507B610007EDB1 /* FirebaseAppCheck in Frameworks */,
				9DD9B9FB2A507B610007EDB1 /* FirebaseStorage in Frameworks */,
				9DD9B9F72A507B610007EDB1 /* FirebaseFirestoreSwift in Frameworks */,
				9DD9B9E32A507B610007EDB1 /* FirebaseAnalytics in Frameworks */,
				9DD9B9ED2A507B610007EDB1 /* FirebaseCrashlytics in Frameworks */,
				9DD9B9EF2A507B610007EDB1 /* FirebaseDatabase in Frameworks */,
				9DD9B9EB2A507B610007EDB1 /* FirebaseAuth in Frameworks */,
				9DD9B9E92A507B610007EDB1 /* FirebaseAppDistribution-Beta in Frameworks */,
			);
			runOnlyForDeploymentPostprocessing = 0;
		};
		9DE036882A2DF35000412B4D /* Frameworks */ = {
			isa = PBXFrameworksBuildPhase;
			buildActionMask = 2147483647;
			files = (
			);
			runOnlyForDeploymentPostprocessing = 0;
		};
		9DE036922A2DF35000412B4D /* Frameworks */ = {
			isa = PBXFrameworksBuildPhase;
			buildActionMask = 2147483647;
			files = (
			);
			runOnlyForDeploymentPostprocessing = 0;
		};
/* End PBXFrameworksBuildPhase section */

/* Begin PBXGroup section */
		9D71ACEC2A32519800463620 /* Model */ = {
			isa = PBXGroup;
			children = (
				9D71ACED2A3251A200463620 /* AddRecipeSection.swift */,
			);
			path = Model;
			sourceTree = "<group>";
		};
		9D71ACF52A333CF000463620 /* Model */ = {
			isa = PBXGroup;
			children = (
				9D71ACF62A333CFB00463620 /* DetailRecipeSection.swift */,
			);
			path = Model;
			sourceTree = "<group>";
		};
		9D71AD192A3A199F00463620 /* Models */ = {
			isa = PBXGroup;
			children = (
				9D71AD1A2A3A19AC00463620 /* Auth */,
				9DD9B9FF2A50BD490007EDB1 /* RecipeCardModel.swift */,
				9DD9BA102A587C920007EDB1 /* HomeRecipeCardModel.swift */,
				9DD9BA192A609BE30007EDB1 /* SearchModel.swift */,
				9DD9BA252A66E2340007EDB1 /* MainCardSearchModel.swift */,
			);
			path = Models;
			sourceTree = "<group>";
		};
		9D71AD1A2A3A19AC00463620 /* Auth */ = {
			isa = PBXGroup;
			children = (
				9D71AD1D2A3A4E1600463620 /* RegisterUserReq.swift */,
				9D27C4832A3A55BA00E3CAF5 /* LoginUserReq.swift */,
			);
			path = Auth;
			sourceTree = "<group>";
		};
		9D929E9A2A3FA00500D227BD /* Model */ = {
			isa = PBXGroup;
			children = (
				9D929E9B2A3FA01500D227BD /* Onboarding.swift */,
			);
			path = Model;
			sourceTree = "<group>";
		};
		9D929E9D2A3FA0EE00D227BD /* View */ = {
			isa = PBXGroup;
			children = (
				9D929E9E2A3FA12600D227BD /* OnboardingView.swift */,
			);
			path = View;
			sourceTree = "<group>";
		};
		9D929EA02A3FA41000D227BD /* Cell */ = {
			isa = PBXGroup;
			children = (
				9D929EA12A3FA42800D227BD /* OnboardingCell.swift */,
			);
			path = Cell;
			sourceTree = "<group>";
		};
		9D929EA32A3FA5E000D227BD /* Buttons */ = {
			isa = PBXGroup;
			children = (
				9D929EA42A3FA60000D227BD /* CircleButton.swift */,
				9D929EB72A44DBDF00D227BD /* ChipButton.swift */,
			);
			path = Buttons;
			sourceTree = "<group>";
		};
		9D929EAB2A41256700D227BD /* Lotties */ = {
			isa = PBXGroup;
			children = (
				9D929EAC2A41257400D227BD /* lf30_y0m027flf.json */,
			);
			path = Lotties;
			sourceTree = "<group>";
		};
		9D929EB92A461A0500D227BD /* Search */ = {
			isa = PBXGroup;
			children = (
				9D929EC22A46640000D227BD /* Model */,
				9D929EBC2A461A3700D227BD /* Cell */,
				9D929EBB2A461A2F00D227BD /* ViewModel */,
				9D929EBA2A461A2500D227BD /* ViewController */,
			);
			path = Search;
			sourceTree = "<group>";
		};
		9D929EBA2A461A2500D227BD /* ViewController */ = {
			isa = PBXGroup;
			children = (
				9D929EBD2A461A6400D227BD /* SearchViewController.swift */,
				9D929EC92A475CF100D227BD /* SearchResultVC.swift */,
				9DD9BA1B2A62F0E40007EDB1 /* SearchByMaterialsVC.swift */,
			);
			path = ViewController;
			sourceTree = "<group>";
		};
		9D929EBB2A461A2F00D227BD /* ViewModel */ = {
			isa = PBXGroup;
			children = (
				9D929EC52A46692A00D227BD /* SearchViewModel.swift */,
			);
			path = ViewModel;
			sourceTree = "<group>";
		};
		9D929EBC2A461A3700D227BD /* Cell */ = {
			isa = PBXGroup;
			children = (
				9D929ECD2A47996000D227BD /* RecipeCardSearchCell.swift */,
				9D929ECF2A4891E000D227BD /* MaterialListCell.swift */,
			);
			path = Cell;
			sourceTree = "<group>";
		};
		9D929EBF2A46403F00D227BD /* View */ = {
			isa = PBXGroup;
			children = (
				9D929EC02A46404D00D227BD /* WrapView.swift */,
			);
			path = View;
			sourceTree = "<group>";
		};
		9D929EC22A46640000D227BD /* Model */ = {
			isa = PBXGroup;
			children = (
				9D929EC32A46642000D227BD /* SearchSectionModel.swift */,
			);
			path = Model;
			sourceTree = "<group>";
		};
		9D929ED12A4B986800D227BD /* Settings */ = {
			isa = PBXGroup;
			children = (
				9D929ED52A4B988C00D227BD /* Model */,
				9D929ED42A4B988600D227BD /* Cell */,
				9D929ED32A4B988000D227BD /* ViewModel */,
				9D929ED22A4B987900D227BD /* ViewController */,
			);
			path = Settings;
			sourceTree = "<group>";
		};
		9D929ED22A4B987900D227BD /* ViewController */ = {
			isa = PBXGroup;
			children = (
				9D929ED62A4B98A800D227BD /* SettingsViewController.swift */,
			);
			path = ViewController;
			sourceTree = "<group>";
		};
		9D929ED32A4B988000D227BD /* ViewModel */ = {
			isa = PBXGroup;
			children = (
				9DD9BA232A6586370007EDB1 /* SettingsViewModel.swift */,
			);
			path = ViewModel;
			sourceTree = "<group>";
		};
		9D929ED42A4B988600D227BD /* Cell */ = {
			isa = PBXGroup;
			children = (
				9DD9BA1F2A653E8A0007EDB1 /* LogOutAndDeleteTableViewCell.swift */,
			);
			path = Cell;
			sourceTree = "<group>";
		};
		9D929ED52A4B988C00D227BD /* Model */ = {
			isa = PBXGroup;
			children = (
				9DD9BA212A6574CF0007EDB1 /* SettingsSectionModel.swift */,
			);
			path = Model;
			sourceTree = "<group>";
		};
		9DD5082A2A3C9E1D006C9E67 /* Networks */ = {
			isa = PBXGroup;
			children = (
				9DD5082B2A3C9E32006C9E67 /* Validator.swift */,
				9D71AD172A3A18D200463620 /* AuthService.swift */,
				9DD9B9DD2A4CEA970007EDB1 /* ProfileService.swift */,
				9DD9BA072A55FFD50007EDB1 /* SearchService.swift */,
				9DD9BA0E2A583E5A0007EDB1 /* HomeService.swift */,
			);
			path = Networks;
			sourceTree = "<group>";
		};
		9DD5082D2A3CA83C006C9E67 /* Configurations */ = {
			isa = PBXGroup;
			children = (
				9DD5082E2A3CA855006C9E67 /* AlertManager.swift */,
			);
			path = Configurations;
			sourceTree = "<group>";
		};
		9DD508302A3CB0B7006C9E67 /* Auth */ = {
			isa = PBXGroup;
			children = (
				9DD508312A3CB0C3006C9E67 /* AuthHeaderView.swift */,
				9DD508332A3CB0EA006C9E67 /* CustomTextField.swift */,
				9DD508352A3CB112006C9E67 /* CustomButton.swift */,
				9DD508372A3F1F24006C9E67 /* CustomSignInButton.swift */,
			);
			path = Auth;
			sourceTree = "<group>";
		};
		9DE0366C2A2DF34E00412B4D = {
			isa = PBXGroup;
			children = (
				9DE036772A2DF34E00412B4D /* Foody */,
				9DE0368E2A2DF35000412B4D /* FoodyTests */,
				9DE036982A2DF35000412B4D /* FoodyUITests */,
				9DE036762A2DF34E00412B4D /* Products */,
			);
			sourceTree = "<group>";
		};
		9DE036762A2DF34E00412B4D /* Products */ = {
			isa = PBXGroup;
			children = (
				9DE036752A2DF34E00412B4D /* Foody.app */,
				9DE0368B2A2DF35000412B4D /* FoodyTests.xctest */,
				9DE036952A2DF35000412B4D /* FoodyUITests.xctest */,
			);
			name = Products;
			sourceTree = "<group>";
		};
		9DE036772A2DF34E00412B4D /* Foody */ = {
			isa = PBXGroup;
			children = (
				9DE036AB2A2DF38600412B4D /* SupportingFiles */,
				9DE036AC2A2DF40200412B4D /* Common */,
				9DE036A92A2DF37900412B4D /* Core */,
				9DE036A82A2DF36800412B4D /* Scenes */,
			);
			path = Foody;
			sourceTree = "<group>";
		};
		9DE0368E2A2DF35000412B4D /* FoodyTests */ = {
			isa = PBXGroup;
			children = (
				9DE0368F2A2DF35000412B4D /* FoodyTests.swift */,
			);
			path = FoodyTests;
			sourceTree = "<group>";
		};
		9DE036982A2DF35000412B4D /* FoodyUITests */ = {
			isa = PBXGroup;
			children = (
				9DE036992A2DF35000412B4D /* FoodyUITests.swift */,
				9DE0369B2A2DF35000412B4D /* FoodyUITestsLaunchTests.swift */,
			);
			path = FoodyUITests;
			sourceTree = "<group>";
		};
		9DE036A82A2DF36800412B4D /* Scenes */ = {
			isa = PBXGroup;
			children = (
				9D929ED12A4B986800D227BD /* Settings */,
				9DE036BF2A2DFDA500412B4D /* Auth */,
				9DE036F32A321E2900412B4D /* AddRecipe */,
				9DE036F22A321E2000412B4D /* DetailRecipe */,
				9D929EB92A461A0500D227BD /* Search */,
				9DE036CF2A2DFE3F00412B4D /* Profil */,
				9DE036B12A2DF54100412B4D /* Home */,
				9DE036B92A2DF85600412B4D /* TabBarViewController.swift */,
			);
			path = Scenes;
			sourceTree = "<group>";
		};
		9DE036A92A2DF37900412B4D /* Core */ = {
			isa = PBXGroup;
			children = (
				9DD5082D2A3CA83C006C9E67 /* Configurations */,
				9DD5082A2A3C9E1D006C9E67 /* Networks */,
				9D71AD192A3A199F00463620 /* Models */,
			);
			path = Core;
			sourceTree = "<group>";
		};
		9DE036AB2A2DF38600412B4D /* SupportingFiles */ = {
			isa = PBXGroup;
			children = (
				9DE036832A2DF35000412B4D /* LaunchScreen.storyboard */,
				9DE036782A2DF34E00412B4D /* AppDelegate.swift */,
				9DE0367A2A2DF34E00412B4D /* SceneDelegate.swift */,
				9D71AD082A38C7F900463620 /* GoogleService-Info.plist */,
				9DE036812A2DF35000412B4D /* Assets.xcassets */,
				9DE036862A2DF35000412B4D /* Info.plist */,
			);
			path = SupportingFiles;
			sourceTree = "<group>";
		};
		9DE036AC2A2DF40200412B4D /* Common */ = {
			isa = PBXGroup;
			children = (
				9D929EAB2A41256700D227BD /* Lotties */,
				9DE036B02A2DF44F00412B4D /* Extensions */,
				9DE036AF2A2DF44800412B4D /* Constants */,
				9DE036AE2A2DF43E00412B4D /* UIComponents */,
				9DE036AD2A2DF43500412B4D /* Localize */,
			);
			path = Common;
			sourceTree = "<group>";
		};
		9DE036AD2A2DF43500412B4D /* Localize */ = {
			isa = PBXGroup;
			children = (
			);
			path = Localize;
			sourceTree = "<group>";
		};
		9DE036AE2A2DF43E00412B4D /* UIComponents */ = {
			isa = PBXGroup;
			children = (
				9D929EA32A3FA5E000D227BD /* Buttons */,
				9DD508302A3CB0B7006C9E67 /* Auth */,
				9D71ACFC2A33E0D600463620 /* DividerAndLabel.swift */,
				9D71ACFE2A347C1800463620 /* PaddingTextField.swift */,
				9D71AD042A36244000463620 /* IconWithLabel.swift */,
				9DD9BA272A67E8330007EDB1 /* EmptyVC.swift */,
				9DD9BA6C2A67FD770007EDB1 /* CustomIcon.swift */,
				9DD9BA6A2A67FD610007EDB1 /* CustomLabel.swift */,
			);
			path = UIComponents;
			sourceTree = "<group>";
		};
		9DE036AF2A2DF44800412B4D /* Constants */ = {
			isa = PBXGroup;
			children = (
				9DE036D72A2E1B5900412B4D /* ImageConstants.swift */,
				9D929EA62A4086FB00D227BD /* ImageHelper.swift */,
			);
			path = Constants;
			sourceTree = "<group>";
		};
		9DE036B02A2DF44F00412B4D /* Extensions */ = {
			isa = PBXGroup;
			children = (
				9DE036DF2A2FD0F400412B4D /* UIImageView+Extension.swift */,
				9D71AD002A347DB600463620 /* UITextField+Extension.swift */,
				9D71AD022A3490C200463620 /* UIView+Extension.swift */,
				9D71AD062A36260000463620 /* UILabel+Extensions.swift */,
				9D929EAE2A41D2E800D227BD /* UIPageControl+Extension.swift */,
				9D929EB22A43B14000D227BD /* someExtension.swift */,
			);
			path = Extensions;
			sourceTree = "<group>";
		};
		9DE036B12A2DF54100412B4D /* Home */ = {
			isa = PBXGroup;
			children = (
				9DE036EB2A310D2500412B4D /* Model */,
				9DE036B52A2DF57900412B4D /* Cell */,
				9DE036B32A2DF56D00412B4D /* ViewModel */,
				9DE036B22A2DF55700412B4D /* ViewController */,
			);
			path = Home;
			sourceTree = "<group>";
		};
		9DE036B22A2DF55700412B4D /* ViewController */ = {
			isa = PBXGroup;
			children = (
				9DE0367C2A2DF34E00412B4D /* HomeVC.swift */,
			);
			path = ViewController;
			sourceTree = "<group>";
		};
		9DE036B32A2DF56D00412B4D /* ViewModel */ = {
			isa = PBXGroup;
			children = (
				9DE036B72A2DF63900412B4D /* HomeViewModel.swift */,
			);
			path = ViewModel;
			sourceTree = "<group>";
		};
		9DE036B52A2DF57900412B4D /* Cell */ = {
			isa = PBXGroup;
			children = (
				9DE036E92A3109C600412B4D /* RecipeCardTableViewCell.swift */,
			);
			path = Cell;
			sourceTree = "<group>";
		};
		9DE036BF2A2DFDA500412B4D /* Auth */ = {
			isa = PBXGroup;
			children = (
				9DE036C22A2DFDC500412B4D /* Onboarding */,
				9DE036C12A2DFDBF00412B4D /* Login */,
				9DE036C02A2DFDB800412B4D /* Register */,
			);
			path = Auth;
			sourceTree = "<group>";
		};
		9DE036C02A2DFDB800412B4D /* Register */ = {
			isa = PBXGroup;
			children = (
				9DE036CE2A2DFE3500412B4D /* ViewModel */,
				9DE036C32A2DFDCD00412B4D /* ViewController */,
			);
			path = Register;
			sourceTree = "<group>";
		};
		9DE036C12A2DFDBF00412B4D /* Login */ = {
			isa = PBXGroup;
			children = (
				9DE036CC2A2DFE2100412B4D /* ViewModel */,
				9DE036C42A2DFDD500412B4D /* ViewController */,
			);
			path = Login;
			sourceTree = "<group>";
		};
		9DE036C22A2DFDC500412B4D /* Onboarding */ = {
			isa = PBXGroup;
			children = (
				9D929EA02A3FA41000D227BD /* Cell */,
				9D929E9D2A3FA0EE00D227BD /* View */,
				9D929E9A2A3FA00500D227BD /* Model */,
				9DE036CD2A2DFE2B00412B4D /* ViewModel */,
				9DE036C52A2DFDD900412B4D /* ViewController */,
			);
			path = Onboarding;
			sourceTree = "<group>";
		};
		9DE036C32A2DFDCD00412B4D /* ViewController */ = {
			isa = PBXGroup;
			children = (
				9DE036C62A2DFDEC00412B4D /* RegisterVC.swift */,
			);
			path = ViewController;
			sourceTree = "<group>";
		};
		9DE036C42A2DFDD500412B4D /* ViewController */ = {
			isa = PBXGroup;
			children = (
				9DE036C82A2DFDF800412B4D /* LoginVC.swift */,
			);
			path = ViewController;
			sourceTree = "<group>";
		};
		9DE036C52A2DFDD900412B4D /* ViewController */ = {
			isa = PBXGroup;
			children = (
				9DE036CA2A2DFE0200412B4D /* OnboardingVC.swift */,
			);
			path = ViewController;
			sourceTree = "<group>";
		};
		9DE036CC2A2DFE2100412B4D /* ViewModel */ = {
			isa = PBXGroup;
			children = (
			);
			path = ViewModel;
			sourceTree = "<group>";
		};
		9DE036CD2A2DFE2B00412B4D /* ViewModel */ = {
			isa = PBXGroup;
			children = (
				9D929EB02A41F01900D227BD /* OnboardingViewModel.swift */,
			);
			path = ViewModel;
			sourceTree = "<group>";
		};
		9DE036CE2A2DFE3500412B4D /* ViewModel */ = {
			isa = PBXGroup;
			children = (
			);
			path = ViewModel;
			sourceTree = "<group>";
		};
		9DE036CF2A2DFE3F00412B4D /* Profil */ = {
			isa = PBXGroup;
			children = (
				9DE036DC2A2F862A00412B4D /* Cell */,
				9DE036D92A2F854800412B4D /* Model */,
				9DE036D12A2DFE8900412B4D /* ViewModel */,
				9DE036D02A2DFE8100412B4D /* ViewController */,
			);
			path = Profil;
			sourceTree = "<group>";
		};
		9DE036D02A2DFE8100412B4D /* ViewController */ = {
			isa = PBXGroup;
			children = (
				9DE036D22A2DFE9A00412B4D /* ProfilVC.swift */,
			);
			path = ViewController;
			sourceTree = "<group>";
		};
		9DE036D12A2DFE8900412B4D /* ViewModel */ = {
			isa = PBXGroup;
			children = (
				9DD9B9D82A4CA2290007EDB1 /* ProfileViewModel.swift */,
			);
			path = ViewModel;
			sourceTree = "<group>";
		};
		9DE036D92A2F854800412B4D /* Model */ = {
			isa = PBXGroup;
			children = (
				9DE036DA2A2F856100412B4D /* ProfilSection.swift */,
			);
			path = Model;
			sourceTree = "<group>";
		};
		9DE036DC2A2F862A00412B4D /* Cell */ = {
			isa = PBXGroup;
			children = (
				9DE036DD2A2F867C00412B4D /* ProfilImageTableViewCell.swift */,
			);
			path = Cell;
			sourceTree = "<group>";
		};
		9DE036EB2A310D2500412B4D /* Model */ = {
			isa = PBXGroup;
			children = (
				9DE036EC2A310D3100412B4D /* HomeSectionModel.swift */,
			);
			path = Model;
			sourceTree = "<group>";
		};
		9DE036F22A321E2000412B4D /* DetailRecipe */ = {
			isa = PBXGroup;
			children = (
				9D929EBF2A46403F00D227BD /* View */,
				9D71ACF52A333CF000463620 /* Model */,
				9DE036F82A321E5200412B4D /* Cell */,
				9DE036F72A321E4E00412B4D /* ViewModel */,
				9DE036F42A321E3C00412B4D /* ViewController */,
			);
			path = DetailRecipe;
			sourceTree = "<group>";
		};
		9DE036F32A321E2900412B4D /* AddRecipe */ = {
			isa = PBXGroup;
			children = (
				9D71ACEC2A32519800463620 /* Model */,
				9DE036F92A321E5600412B4D /* Cell */,
				9DE036F62A321E4900412B4D /* ViewModel */,
				9DE036F52A321E4400412B4D /* ViewController */,
			);
			path = AddRecipe;
			sourceTree = "<group>";
		};
		9DE036F42A321E3C00412B4D /* ViewController */ = {
			isa = PBXGroup;
			children = (
				9DE036FA2A321E6E00412B4D /* DetailRecipeVC.swift */,
			);
			path = ViewController;
			sourceTree = "<group>";
		};
		9DE036F52A321E4400412B4D /* ViewController */ = {
			isa = PBXGroup;
			children = (
				9DE036FC2A321E9200412B4D /* AddRecipeVC.swift */,
				9DD9BA152A5EF9DA0007EDB1 /* MaterialSelectionPresentVC.swift */,
			);
			path = ViewController;
			sourceTree = "<group>";
		};
		9DE036F62A321E4900412B4D /* ViewModel */ = {
			isa = PBXGroup;
			children = (
				9DD9B9DF2A4D01850007EDB1 /* AddRecipeViewModel.swift */,
				9DD9BA172A5EFB7C0007EDB1 /* MaterialSelectionPresentVM.swift */,
			);
			path = ViewModel;
			sourceTree = "<group>";
		};
		9DE036F72A321E4E00412B4D /* ViewModel */ = {
			isa = PBXGroup;
			children = (
				9DD9BA1D2A647CCB0007EDB1 /* DetailViewModel.swift */,
			);
			path = ViewModel;
			sourceTree = "<group>";
		};
		9DE036F82A321E5200412B4D /* Cell */ = {
			isa = PBXGroup;
			children = (
				9D71ACF32A328ADB00463620 /* RecipeImageTableViewCell.swift */,
				9D929EB52A44B51C00D227BD /* MaterialChipCell.swift */,
				9D71ACF82A33405D00463620 /* RecipeLetterTableViewCell.swift */,
				9DD9BA052A54D5160007EDB1 /* RecipeDeleteBtnCell.swift */,
			);
			path = Cell;
			sourceTree = "<group>";
		};
		9DE036F92A321E5600412B4D /* Cell */ = {
			isa = PBXGroup;
			children = (
				9D71ACEA2A32506100463620 /* RecipeImgTableViewCell.swift */,
				9D71ACEF2A3252A900463620 /* PropertiesTextFieldsCell.swift */,
				9D71ACF12A32572E00463620 /* ConfirmButtonTableViewCell.swift */,
			);
			path = Cell;
			sourceTree = "<group>";
		};
/* End PBXGroup section */

/* Begin PBXNativeTarget section */
		9DE036742A2DF34E00412B4D /* Foody */ = {
			isa = PBXNativeTarget;
			buildConfigurationList = 9DE0369F2A2DF35000412B4D /* Build configuration list for PBXNativeTarget "Foody" */;
			buildPhases = (
				9DE036712A2DF34E00412B4D /* Sources */,
				9DE036722A2DF34E00412B4D /* Frameworks */,
				9DE036732A2DF34E00412B4D /* Resources */,
			);
			buildRules = (
			);
			dependencies = (
			);
			name = Foody;
			packageProductDependencies = (
				9DE036D52A2E0FB100412B4D /* SnapKit */,
				9DD9B9E22A507B610007EDB1 /* FirebaseAnalytics */,
				9DD9B9E42A507B610007EDB1 /* FirebaseAnalyticsSwift */,
				9DD9B9E62A507B610007EDB1 /* FirebaseAppCheck */,
				9DD9B9E82A507B610007EDB1 /* FirebaseAppDistribution-Beta */,
				9DD9B9EA2A507B610007EDB1 /* FirebaseAuth */,
				9DD9B9EC2A507B610007EDB1 /* FirebaseCrashlytics */,
				9DD9B9EE2A507B610007EDB1 /* FirebaseDatabase */,
				9DD9B9F02A507B610007EDB1 /* FirebaseDatabaseSwift */,
				9DD9B9F22A507B610007EDB1 /* FirebaseDynamicLinks */,
				9DD9B9F42A507B610007EDB1 /* FirebaseFirestore */,
				9DD9B9F62A507B610007EDB1 /* FirebaseFirestoreSwift */,
				9DD9B9F82A507B610007EDB1 /* FirebaseFunctions */,
				9DD9B9FA2A507B610007EDB1 /* FirebaseStorage */,
				9DD9BA022A542DFB0007EDB1 /* Kingfisher */,
			);
			productName = Foody;
			productReference = 9DE036752A2DF34E00412B4D /* Foody.app */;
			productType = "com.apple.product-type.application";
		};
		9DE0368A2A2DF35000412B4D /* FoodyTests */ = {
			isa = PBXNativeTarget;
			buildConfigurationList = 9DE036A22A2DF35000412B4D /* Build configuration list for PBXNativeTarget "FoodyTests" */;
			buildPhases = (
				9DE036872A2DF35000412B4D /* Sources */,
				9DE036882A2DF35000412B4D /* Frameworks */,
				9DE036892A2DF35000412B4D /* Resources */,
			);
			buildRules = (
			);
			dependencies = (
				9DE0368D2A2DF35000412B4D /* PBXTargetDependency */,
			);
			name = FoodyTests;
			productName = FoodyTests;
			productReference = 9DE0368B2A2DF35000412B4D /* FoodyTests.xctest */;
			productType = "com.apple.product-type.bundle.unit-test";
		};
		9DE036942A2DF35000412B4D /* FoodyUITests */ = {
			isa = PBXNativeTarget;
			buildConfigurationList = 9DE036A52A2DF35000412B4D /* Build configuration list for PBXNativeTarget "FoodyUITests" */;
			buildPhases = (
				9DE036912A2DF35000412B4D /* Sources */,
				9DE036922A2DF35000412B4D /* Frameworks */,
				9DE036932A2DF35000412B4D /* Resources */,
			);
			buildRules = (
			);
			dependencies = (
				9DE036972A2DF35000412B4D /* PBXTargetDependency */,
			);
			name = FoodyUITests;
			productName = FoodyUITests;
			productReference = 9DE036952A2DF35000412B4D /* FoodyUITests.xctest */;
			productType = "com.apple.product-type.bundle.ui-testing";
		};
/* End PBXNativeTarget section */

/* Begin PBXProject section */
		9DE0366D2A2DF34E00412B4D /* Project object */ = {
			isa = PBXProject;
			attributes = {
				BuildIndependentTargetsInParallel = 1;
				LastSwiftUpdateCheck = 1400;
				LastUpgradeCheck = 1400;
				TargetAttributes = {
					9DE036742A2DF34E00412B4D = {
						CreatedOnToolsVersion = 14.0;
					};
					9DE0368A2A2DF35000412B4D = {
						CreatedOnToolsVersion = 14.0;
						TestTargetID = 9DE036742A2DF34E00412B4D;
					};
					9DE036942A2DF35000412B4D = {
						CreatedOnToolsVersion = 14.0;
						TestTargetID = 9DE036742A2DF34E00412B4D;
					};
				};
			};
			buildConfigurationList = 9DE036702A2DF34E00412B4D /* Build configuration list for PBXProject "Foody" */;
			compatibilityVersion = "Xcode 14.0";
			developmentRegion = en;
			hasScannedForEncodings = 0;
			knownRegions = (
				en,
				Base,
			);
			mainGroup = 9DE0366C2A2DF34E00412B4D;
			packageReferences = (
				9DE036D42A2E0FB100412B4D /* XCRemoteSwiftPackageReference "SnapKit" */,
				9DD9B9E12A507B610007EDB1 /* XCRemoteSwiftPackageReference "firebase-ios-sdk" */,
				9DD9BA012A542DFB0007EDB1 /* XCRemoteSwiftPackageReference "Kingfisher" */,
			);
			productRefGroup = 9DE036762A2DF34E00412B4D /* Products */;
			projectDirPath = "";
			projectRoot = "";
			targets = (
				9DE036742A2DF34E00412B4D /* Foody */,
				9DE0368A2A2DF35000412B4D /* FoodyTests */,
				9DE036942A2DF35000412B4D /* FoodyUITests */,
			);
		};
/* End PBXProject section */

/* Begin PBXResourcesBuildPhase section */
		9DE036732A2DF34E00412B4D /* Resources */ = {
			isa = PBXResourcesBuildPhase;
			buildActionMask = 2147483647;
			files = (
				9DE036852A2DF35000412B4D /* LaunchScreen.storyboard in Resources */,
				9DE036822A2DF35000412B4D /* Assets.xcassets in Resources */,
				9D929EAD2A41257400D227BD /* lf30_y0m027flf.json in Resources */,
				9D71AD092A38C7F900463620 /* GoogleService-Info.plist in Resources */,
			);
			runOnlyForDeploymentPostprocessing = 0;
		};
		9DE036892A2DF35000412B4D /* Resources */ = {
			isa = PBXResourcesBuildPhase;
			buildActionMask = 2147483647;
			files = (
			);
			runOnlyForDeploymentPostprocessing = 0;
		};
		9DE036932A2DF35000412B4D /* Resources */ = {
			isa = PBXResourcesBuildPhase;
			buildActionMask = 2147483647;
			files = (
			);
			runOnlyForDeploymentPostprocessing = 0;
		};
/* End PBXResourcesBuildPhase section */

/* Begin PBXSourcesBuildPhase section */
		9DE036712A2DF34E00412B4D /* Sources */ = {
			isa = PBXSourcesBuildPhase;
			buildActionMask = 2147483647;
			files = (
				9DE036CB2A2DFE0200412B4D /* OnboardingVC.swift in Sources */,
				9D929EC42A46642000D227BD /* SearchSectionModel.swift in Sources */,
				9DE0367D2A2DF34E00412B4D /* HomeVC.swift in Sources */,
				9DD9BA062A54D5160007EDB1 /* RecipeDeleteBtnCell.swift in Sources */,
				9DD9BA202A653E8A0007EDB1 /* LogOutAndDeleteTableViewCell.swift in Sources */,
				9D929EB62A44B51C00D227BD /* MaterialChipCell.swift in Sources */,
				9D71ACF42A328ADB00463620 /* RecipeImageTableViewCell.swift in Sources */,
				9D71AD052A36244000463620 /* IconWithLabel.swift in Sources */,
				9DE036E02A2FD0F400412B4D /* UIImageView+Extension.swift in Sources */,
				9D929ED72A4B98A800D227BD /* SettingsViewController.swift in Sources */,
				9DD9BA162A5EF9DA0007EDB1 /* MaterialSelectionPresentVC.swift in Sources */,
				9DE036ED2A310D3100412B4D /* HomeSectionModel.swift in Sources */,
				9D71AD012A347DB600463620 /* UITextField+Extension.swift in Sources */,
				9DD9BA1A2A609BE30007EDB1 /* SearchModel.swift in Sources */,
				9D71ACEB2A32506100463620 /* RecipeImgTableViewCell.swift in Sources */,
				9D929EAF2A41D2E800D227BD /* UIPageControl+Extension.swift in Sources */,
				9D71ACF72A333CFB00463620 /* DetailRecipeSection.swift in Sources */,
				9DE036C72A2DFDEC00412B4D /* RegisterVC.swift in Sources */,
				9D71AD072A36260000463620 /* UILabel+Extensions.swift in Sources */,
				9DD508322A3CB0C3006C9E67 /* AuthHeaderView.swift in Sources */,
				9DD9BA6D2A67FD770007EDB1 /* CustomIcon.swift in Sources */,
				9DD9BA6B2A67FD610007EDB1 /* CustomLabel.swift in Sources */,
				9D929EB32A43B14000D227BD /* someExtension.swift in Sources */,
				9DE036D82A2E1B5900412B4D /* ImageConstants.swift in Sources */,
				9DD9BA082A55FFD50007EDB1 /* SearchService.swift in Sources */,
				9D71ACF02A3252A900463620 /* PropertiesTextFieldsCell.swift in Sources */,
				9DD508342A3CB0EA006C9E67 /* CustomTextField.swift in Sources */,
				9D929EB12A41F01900D227BD /* OnboardingViewModel.swift in Sources */,
				9DE036792A2DF34E00412B4D /* AppDelegate.swift in Sources */,
				9DE036EA2A3109C600412B4D /* RecipeCardTableViewCell.swift in Sources */,
				9D71ACFD2A33E0D600463620 /* DividerAndLabel.swift in Sources */,
				9DD508382A3F1F24006C9E67 /* CustomSignInButton.swift in Sources */,
				9D929ECA2A475CF100D227BD /* SearchResultVC.swift in Sources */,
				9DE036FB2A321E6E00412B4D /* DetailRecipeVC.swift in Sources */,
				9D929EB82A44DBDF00D227BD /* ChipButton.swift in Sources */,
				9D71ACFF2A347C1800463620 /* PaddingTextField.swift in Sources */,
				9DE036C92A2DFDF800412B4D /* LoginVC.swift in Sources */,
				9DD9BA1C2A62F0E40007EDB1 /* SearchByMaterialsVC.swift in Sources */,
				9DD9B9D92A4CA2290007EDB1 /* ProfileViewModel.swift in Sources */,
				9D71ACF92A33405D00463620 /* RecipeLetterTableViewCell.swift in Sources */,
				9DD9BA0F2A583E5A0007EDB1 /* HomeService.swift in Sources */,
				9D71ACF22A32572E00463620 /* ConfirmButtonTableViewCell.swift in Sources */,
				9D929EA52A3FA60000D227BD /* CircleButton.swift in Sources */,
				9DE036FD2A321E9200412B4D /* AddRecipeVC.swift in Sources */,
				9DD9BA242A6586370007EDB1 /* SettingsViewModel.swift in Sources */,
				9DD9B9DE2A4CEA970007EDB1 /* ProfileService.swift in Sources */,
				9D71AD032A3490C200463620 /* UIView+Extension.swift in Sources */,
				9D71AD1E2A3A4E1600463620 /* RegisterUserReq.swift in Sources */,
				9D27C4842A3A55BA00E3CAF5 /* LoginUserReq.swift in Sources */,
				9DE036D32A2DFE9A00412B4D /* ProfilVC.swift in Sources */,
				9DE0367B2A2DF34E00412B4D /* SceneDelegate.swift in Sources */,
				9DD9BA112A587C920007EDB1 /* HomeRecipeCardModel.swift in Sources */,
				9DD5082C2A3C9E32006C9E67 /* Validator.swift in Sources */,
				9D71AD182A3A18D200463620 /* AuthService.swift in Sources */,
				9D929E9F2A3FA12600D227BD /* OnboardingView.swift in Sources */,
				9DD9BA222A6574CF0007EDB1 /* SettingsSectionModel.swift in Sources */,
				9DD9BA262A66E2340007EDB1 /* MainCardSearchModel.swift in Sources */,
				9DD9BA282A67E8330007EDB1 /* EmptyVC.swift in Sources */,
				9DD5082F2A3CA855006C9E67 /* AlertManager.swift in Sources */,
				9D929ED02A4891E000D227BD /* MaterialListCell.swift in Sources */,
				9DE036BA2A2DF85600412B4D /* TabBarViewController.swift in Sources */,
				9D929EA72A4086FB00D227BD /* ImageHelper.swift in Sources */,
				9DD9BA002A50BD490007EDB1 /* RecipeCardModel.swift in Sources */,
				9DE036B82A2DF63900412B4D /* HomeViewModel.swift in Sources */,
				9D929EBE2A461A6400D227BD /* SearchViewController.swift in Sources */,
				9DD9BA182A5EFB7C0007EDB1 /* MaterialSelectionPresentVM.swift in Sources */,
				9DD508362A3CB112006C9E67 /* CustomButton.swift in Sources */,
				9DD9BA1E2A647CCB0007EDB1 /* DetailViewModel.swift in Sources */,
				9D929EA22A3FA42800D227BD /* OnboardingCell.swift in Sources */,
				9D929ECE2A47996000D227BD /* RecipeCardSearchCell.swift in Sources */,
				9D929E9C2A3FA01500D227BD /* Onboarding.swift in Sources */,
				9DD9B9E02A4D01850007EDB1 /* AddRecipeViewModel.swift in Sources */,
				9DE036DB2A2F856100412B4D /* ProfilSection.swift in Sources */,
				9D929EC12A46404D00D227BD /* WrapView.swift in Sources */,
				9DE036DE2A2F867C00412B4D /* ProfilImageTableViewCell.swift in Sources */,
				9D71ACEE2A3251A200463620 /* AddRecipeSection.swift in Sources */,
				9D929EC62A46692A00D227BD /* SearchViewModel.swift in Sources */,
			);
			runOnlyForDeploymentPostprocessing = 0;
		};
		9DE036872A2DF35000412B4D /* Sources */ = {
			isa = PBXSourcesBuildPhase;
			buildActionMask = 2147483647;
			files = (
				9DE036902A2DF35000412B4D /* FoodyTests.swift in Sources */,
			);
			runOnlyForDeploymentPostprocessing = 0;
		};
		9DE036912A2DF35000412B4D /* Sources */ = {
			isa = PBXSourcesBuildPhase;
			buildActionMask = 2147483647;
			files = (
				9DE0369C2A2DF35000412B4D /* FoodyUITestsLaunchTests.swift in Sources */,
				9DE0369A2A2DF35000412B4D /* FoodyUITests.swift in Sources */,
			);
			runOnlyForDeploymentPostprocessing = 0;
		};
/* End PBXSourcesBuildPhase section */

/* Begin PBXTargetDependency section */
		9DE0368D2A2DF35000412B4D /* PBXTargetDependency */ = {
			isa = PBXTargetDependency;
			target = 9DE036742A2DF34E00412B4D /* Foody */;
			targetProxy = 9DE0368C2A2DF35000412B4D /* PBXContainerItemProxy */;
		};
		9DE036972A2DF35000412B4D /* PBXTargetDependency */ = {
			isa = PBXTargetDependency;
			target = 9DE036742A2DF34E00412B4D /* Foody */;
			targetProxy = 9DE036962A2DF35000412B4D /* PBXContainerItemProxy */;
		};
/* End PBXTargetDependency section */

/* Begin PBXVariantGroup section */
		9DE036832A2DF35000412B4D /* LaunchScreen.storyboard */ = {
			isa = PBXVariantGroup;
			children = (
				9DE036842A2DF35000412B4D /* Base */,
			);
			name = LaunchScreen.storyboard;
			sourceTree = "<group>";
		};
/* End PBXVariantGroup section */

/* Begin XCBuildConfiguration section */
		9DE0369D2A2DF35000412B4D /* Debug */ = {
			isa = XCBuildConfiguration;
			buildSettings = {
				ALWAYS_SEARCH_USER_PATHS = NO;
				CLANG_ANALYZER_NONNULL = YES;
				CLANG_ANALYZER_NUMBER_OBJECT_CONVERSION = YES_AGGRESSIVE;
				CLANG_CXX_LANGUAGE_STANDARD = "gnu++20";
				CLANG_ENABLE_MODULES = YES;
				CLANG_ENABLE_OBJC_ARC = YES;
				CLANG_ENABLE_OBJC_WEAK = YES;
				CLANG_WARN_BLOCK_CAPTURE_AUTORELEASING = YES;
				CLANG_WARN_BOOL_CONVERSION = YES;
				CLANG_WARN_COMMA = YES;
				CLANG_WARN_CONSTANT_CONVERSION = YES;
				CLANG_WARN_DEPRECATED_OBJC_IMPLEMENTATIONS = YES;
				CLANG_WARN_DIRECT_OBJC_ISA_USAGE = YES_ERROR;
				CLANG_WARN_DOCUMENTATION_COMMENTS = YES;
				CLANG_WARN_EMPTY_BODY = YES;
				CLANG_WARN_ENUM_CONVERSION = YES;
				CLANG_WARN_INFINITE_RECURSION = YES;
				CLANG_WARN_INT_CONVERSION = YES;
				CLANG_WARN_NON_LITERAL_NULL_CONVERSION = YES;
				CLANG_WARN_OBJC_IMPLICIT_RETAIN_SELF = YES;
				CLANG_WARN_OBJC_LITERAL_CONVERSION = YES;
				CLANG_WARN_OBJC_ROOT_CLASS = YES_ERROR;
				CLANG_WARN_QUOTED_INCLUDE_IN_FRAMEWORK_HEADER = YES;
				CLANG_WARN_RANGE_LOOP_ANALYSIS = YES;
				CLANG_WARN_STRICT_PROTOTYPES = YES;
				CLANG_WARN_SUSPICIOUS_MOVE = YES;
				CLANG_WARN_UNGUARDED_AVAILABILITY = YES_AGGRESSIVE;
				CLANG_WARN_UNREACHABLE_CODE = YES;
				CLANG_WARN__DUPLICATE_METHOD_MATCH = YES;
				COPY_PHASE_STRIP = NO;
				DEBUG_INFORMATION_FORMAT = dwarf;
				ENABLE_STRICT_OBJC_MSGSEND = YES;
				ENABLE_TESTABILITY = YES;
				GCC_C_LANGUAGE_STANDARD = gnu11;
				GCC_DYNAMIC_NO_PIC = NO;
				GCC_NO_COMMON_BLOCKS = YES;
				GCC_OPTIMIZATION_LEVEL = 0;
				GCC_PREPROCESSOR_DEFINITIONS = (
					"DEBUG=1",
					"$(inherited)",
				);
				GCC_WARN_64_TO_32_BIT_CONVERSION = YES;
				GCC_WARN_ABOUT_RETURN_TYPE = YES_ERROR;
				GCC_WARN_UNDECLARED_SELECTOR = YES;
				GCC_WARN_UNINITIALIZED_AUTOS = YES_AGGRESSIVE;
				GCC_WARN_UNUSED_FUNCTION = YES;
				GCC_WARN_UNUSED_VARIABLE = YES;
				IPHONEOS_DEPLOYMENT_TARGET = 16.0;
				MTL_ENABLE_DEBUG_INFO = INCLUDE_SOURCE;
				MTL_FAST_MATH = YES;
				ONLY_ACTIVE_ARCH = YES;
				SDKROOT = iphoneos;
				SWIFT_ACTIVE_COMPILATION_CONDITIONS = DEBUG;
				SWIFT_OPTIMIZATION_LEVEL = "-Onone";
			};
			name = Debug;
		};
		9DE0369E2A2DF35000412B4D /* Release */ = {
			isa = XCBuildConfiguration;
			buildSettings = {
				ALWAYS_SEARCH_USER_PATHS = NO;
				CLANG_ANALYZER_NONNULL = YES;
				CLANG_ANALYZER_NUMBER_OBJECT_CONVERSION = YES_AGGRESSIVE;
				CLANG_CXX_LANGUAGE_STANDARD = "gnu++20";
				CLANG_ENABLE_MODULES = YES;
				CLANG_ENABLE_OBJC_ARC = YES;
				CLANG_ENABLE_OBJC_WEAK = YES;
				CLANG_WARN_BLOCK_CAPTURE_AUTORELEASING = YES;
				CLANG_WARN_BOOL_CONVERSION = YES;
				CLANG_WARN_COMMA = YES;
				CLANG_WARN_CONSTANT_CONVERSION = YES;
				CLANG_WARN_DEPRECATED_OBJC_IMPLEMENTATIONS = YES;
				CLANG_WARN_DIRECT_OBJC_ISA_USAGE = YES_ERROR;
				CLANG_WARN_DOCUMENTATION_COMMENTS = YES;
				CLANG_WARN_EMPTY_BODY = YES;
				CLANG_WARN_ENUM_CONVERSION = YES;
				CLANG_WARN_INFINITE_RECURSION = YES;
				CLANG_WARN_INT_CONVERSION = YES;
				CLANG_WARN_NON_LITERAL_NULL_CONVERSION = YES;
				CLANG_WARN_OBJC_IMPLICIT_RETAIN_SELF = YES;
				CLANG_WARN_OBJC_LITERAL_CONVERSION = YES;
				CLANG_WARN_OBJC_ROOT_CLASS = YES_ERROR;
				CLANG_WARN_QUOTED_INCLUDE_IN_FRAMEWORK_HEADER = YES;
				CLANG_WARN_RANGE_LOOP_ANALYSIS = YES;
				CLANG_WARN_STRICT_PROTOTYPES = YES;
				CLANG_WARN_SUSPICIOUS_MOVE = YES;
				CLANG_WARN_UNGUARDED_AVAILABILITY = YES_AGGRESSIVE;
				CLANG_WARN_UNREACHABLE_CODE = YES;
				CLANG_WARN__DUPLICATE_METHOD_MATCH = YES;
				COPY_PHASE_STRIP = NO;
				DEBUG_INFORMATION_FORMAT = "dwarf-with-dsym";
				ENABLE_NS_ASSERTIONS = NO;
				ENABLE_STRICT_OBJC_MSGSEND = YES;
				GCC_C_LANGUAGE_STANDARD = gnu11;
				GCC_NO_COMMON_BLOCKS = YES;
				GCC_WARN_64_TO_32_BIT_CONVERSION = YES;
				GCC_WARN_ABOUT_RETURN_TYPE = YES_ERROR;
				GCC_WARN_UNDECLARED_SELECTOR = YES;
				GCC_WARN_UNINITIALIZED_AUTOS = YES_AGGRESSIVE;
				GCC_WARN_UNUSED_FUNCTION = YES;
				GCC_WARN_UNUSED_VARIABLE = YES;
				IPHONEOS_DEPLOYMENT_TARGET = 16.0;
				MTL_ENABLE_DEBUG_INFO = NO;
				MTL_FAST_MATH = YES;
				SDKROOT = iphoneos;
				SWIFT_COMPILATION_MODE = wholemodule;
				SWIFT_OPTIMIZATION_LEVEL = "-O";
				VALIDATE_PRODUCT = YES;
			};
			name = Release;
		};
		9DE036A02A2DF35000412B4D /* Debug */ = {
			isa = XCBuildConfiguration;
			buildSettings = {
				ASSETCATALOG_COMPILER_APPICON_NAME = AppIcon;
				ASSETCATALOG_COMPILER_GLOBAL_ACCENT_COLOR_NAME = AccentColor;
				CODE_SIGN_STYLE = Automatic;
				CURRENT_PROJECT_VERSION = 1;
				DEVELOPMENT_TEAM = M3G6GC9D7L;
				GENERATE_INFOPLIST_FILE = YES;
				INFOPLIST_FILE = Foody/SupportingFiles/Info.plist;
				INFOPLIST_KEY_NSPhotoLibraryUsageDescription = "Galeriye erişmeye izin verin.";
				INFOPLIST_KEY_UIApplicationSupportsIndirectInputEvents = YES;
				INFOPLIST_KEY_UILaunchStoryboardName = LaunchScreen;
				INFOPLIST_KEY_UISupportedInterfaceOrientations_iPad = "UIInterfaceOrientationPortrait UIInterfaceOrientationPortraitUpsideDown UIInterfaceOrientationLandscapeLeft UIInterfaceOrientationLandscapeRight";
				INFOPLIST_KEY_UISupportedInterfaceOrientations_iPhone = "UIInterfaceOrientationPortrait UIInterfaceOrientationLandscapeLeft UIInterfaceOrientationLandscapeRight";
				LD_RUNPATH_SEARCH_PATHS = (
					"$(inherited)",
					"@executable_path/Frameworks",
				);
				MARKETING_VERSION = 1.0;
				PRODUCT_BUNDLE_IDENTIFIER = com.halilyilmaz.Foody;
				PRODUCT_NAME = "$(TARGET_NAME)";
				SWIFT_EMIT_LOC_STRINGS = YES;
				SWIFT_VERSION = 5.0;
				TARGETED_DEVICE_FAMILY = "1,2";
			};
			name = Debug;
		};
		9DE036A12A2DF35000412B4D /* Release */ = {
			isa = XCBuildConfiguration;
			buildSettings = {
				ASSETCATALOG_COMPILER_APPICON_NAME = AppIcon;
				ASSETCATALOG_COMPILER_GLOBAL_ACCENT_COLOR_NAME = AccentColor;
				CODE_SIGN_STYLE = Automatic;
				CURRENT_PROJECT_VERSION = 1;
				DEVELOPMENT_TEAM = M3G6GC9D7L;
				GENERATE_INFOPLIST_FILE = YES;
				INFOPLIST_FILE = Foody/SupportingFiles/Info.plist;
				INFOPLIST_KEY_NSPhotoLibraryUsageDescription = "Galeriye erişmeye izin verin.";
				INFOPLIST_KEY_UIApplicationSupportsIndirectInputEvents = YES;
				INFOPLIST_KEY_UILaunchStoryboardName = LaunchScreen;
				INFOPLIST_KEY_UISupportedInterfaceOrientations_iPad = "UIInterfaceOrientationPortrait UIInterfaceOrientationPortraitUpsideDown UIInterfaceOrientationLandscapeLeft UIInterfaceOrientationLandscapeRight";
				INFOPLIST_KEY_UISupportedInterfaceOrientations_iPhone = "UIInterfaceOrientationPortrait UIInterfaceOrientationLandscapeLeft UIInterfaceOrientationLandscapeRight";
				LD_RUNPATH_SEARCH_PATHS = (
					"$(inherited)",
					"@executable_path/Frameworks",
				);
				MARKETING_VERSION = 1.0;
				PRODUCT_BUNDLE_IDENTIFIER = com.halilyilmaz.Foody;
				PRODUCT_NAME = "$(TARGET_NAME)";
				SWIFT_EMIT_LOC_STRINGS = YES;
				SWIFT_VERSION = 5.0;
				TARGETED_DEVICE_FAMILY = "1,2";
			};
			name = Release;
		};
		9DE036A32A2DF35000412B4D /* Debug */ = {
			isa = XCBuildConfiguration;
			buildSettings = {
				ALWAYS_EMBED_SWIFT_STANDARD_LIBRARIES = YES;
				BUNDLE_LOADER = "$(TEST_HOST)";
				CODE_SIGN_STYLE = Automatic;
				CURRENT_PROJECT_VERSION = 1;
				DEVELOPMENT_TEAM = M3G6GC9D7L;
				GENERATE_INFOPLIST_FILE = YES;
				IPHONEOS_DEPLOYMENT_TARGET = 16.0;
				MARKETING_VERSION = 1.0;
				PRODUCT_BUNDLE_IDENTIFIER = com.halilyilmaz.FoodyTests;
				PRODUCT_NAME = "$(TARGET_NAME)";
				SWIFT_EMIT_LOC_STRINGS = NO;
				SWIFT_VERSION = 5.0;
				TARGETED_DEVICE_FAMILY = "1,2";
				TEST_HOST = "$(BUILT_PRODUCTS_DIR)/Foody.app/$(BUNDLE_EXECUTABLE_FOLDER_PATH)/Foody";
			};
			name = Debug;
		};
		9DE036A42A2DF35000412B4D /* Release */ = {
			isa = XCBuildConfiguration;
			buildSettings = {
				ALWAYS_EMBED_SWIFT_STANDARD_LIBRARIES = YES;
				BUNDLE_LOADER = "$(TEST_HOST)";
				CODE_SIGN_STYLE = Automatic;
				CURRENT_PROJECT_VERSION = 1;
				DEVELOPMENT_TEAM = M3G6GC9D7L;
				GENERATE_INFOPLIST_FILE = YES;
				IPHONEOS_DEPLOYMENT_TARGET = 16.0;
				MARKETING_VERSION = 1.0;
				PRODUCT_BUNDLE_IDENTIFIER = com.halilyilmaz.FoodyTests;
				PRODUCT_NAME = "$(TARGET_NAME)";
				SWIFT_EMIT_LOC_STRINGS = NO;
				SWIFT_VERSION = 5.0;
				TARGETED_DEVICE_FAMILY = "1,2";
				TEST_HOST = "$(BUILT_PRODUCTS_DIR)/Foody.app/$(BUNDLE_EXECUTABLE_FOLDER_PATH)/Foody";
			};
			name = Release;
		};
		9DE036A62A2DF35000412B4D /* Debug */ = {
			isa = XCBuildConfiguration;
			buildSettings = {
				ALWAYS_EMBED_SWIFT_STANDARD_LIBRARIES = YES;
				CODE_SIGN_STYLE = Automatic;
				CURRENT_PROJECT_VERSION = 1;
				DEVELOPMENT_TEAM = M3G6GC9D7L;
				GENERATE_INFOPLIST_FILE = YES;
				MARKETING_VERSION = 1.0;
				PRODUCT_BUNDLE_IDENTIFIER = com.halilyilmaz.FoodyUITests;
				PRODUCT_NAME = "$(TARGET_NAME)";
				SWIFT_EMIT_LOC_STRINGS = NO;
				SWIFT_VERSION = 5.0;
				TARGETED_DEVICE_FAMILY = "1,2";
				TEST_TARGET_NAME = Foody;
			};
			name = Debug;
		};
		9DE036A72A2DF35000412B4D /* Release */ = {
			isa = XCBuildConfiguration;
			buildSettings = {
				ALWAYS_EMBED_SWIFT_STANDARD_LIBRARIES = YES;
				CODE_SIGN_STYLE = Automatic;
				CURRENT_PROJECT_VERSION = 1;
				DEVELOPMENT_TEAM = M3G6GC9D7L;
				GENERATE_INFOPLIST_FILE = YES;
				MARKETING_VERSION = 1.0;
				PRODUCT_BUNDLE_IDENTIFIER = com.halilyilmaz.FoodyUITests;
				PRODUCT_NAME = "$(TARGET_NAME)";
				SWIFT_EMIT_LOC_STRINGS = NO;
				SWIFT_VERSION = 5.0;
				TARGETED_DEVICE_FAMILY = "1,2";
				TEST_TARGET_NAME = Foody;
			};
			name = Release;
		};
/* End XCBuildConfiguration section */

/* Begin XCConfigurationList section */
		9DE036702A2DF34E00412B4D /* Build configuration list for PBXProject "Foody" */ = {
			isa = XCConfigurationList;
			buildConfigurations = (
				9DE0369D2A2DF35000412B4D /* Debug */,
				9DE0369E2A2DF35000412B4D /* Release */,
			);
			defaultConfigurationIsVisible = 0;
			defaultConfigurationName = Release;
		};
		9DE0369F2A2DF35000412B4D /* Build configuration list for PBXNativeTarget "Foody" */ = {
			isa = XCConfigurationList;
			buildConfigurations = (
				9DE036A02A2DF35000412B4D /* Debug */,
				9DE036A12A2DF35000412B4D /* Release */,
			);
			defaultConfigurationIsVisible = 0;
			defaultConfigurationName = Release;
		};
		9DE036A22A2DF35000412B4D /* Build configuration list for PBXNativeTarget "FoodyTests" */ = {
			isa = XCConfigurationList;
			buildConfigurations = (
				9DE036A32A2DF35000412B4D /* Debug */,
				9DE036A42A2DF35000412B4D /* Release */,
			);
			defaultConfigurationIsVisible = 0;
			defaultConfigurationName = Release;
		};
		9DE036A52A2DF35000412B4D /* Build configuration list for PBXNativeTarget "FoodyUITests" */ = {
			isa = XCConfigurationList;
			buildConfigurations = (
				9DE036A62A2DF35000412B4D /* Debug */,
				9DE036A72A2DF35000412B4D /* Release */,
			);
			defaultConfigurationIsVisible = 0;
			defaultConfigurationName = Release;
		};
/* End XCConfigurationList section */

/* Begin XCRemoteSwiftPackageReference section */
		9DD9B9E12A507B610007EDB1 /* XCRemoteSwiftPackageReference "firebase-ios-sdk" */ = {
			isa = XCRemoteSwiftPackageReference;
			repositoryURL = "https://github.com/firebase/firebase-ios-sdk";
			requirement = {
				branch = master;
				kind = branch;
			};
		};
		9DD9BA012A542DFB0007EDB1 /* XCRemoteSwiftPackageReference "Kingfisher" */ = {
			isa = XCRemoteSwiftPackageReference;
			repositoryURL = "https://github.com/onevcat/Kingfisher.git";
			requirement = {
				branch = master;
				kind = branch;
			};
		};
		9DE036D42A2E0FB100412B4D /* XCRemoteSwiftPackageReference "SnapKit" */ = {
			isa = XCRemoteSwiftPackageReference;
			repositoryURL = "https://github.com/SnapKit/SnapKit.git";
			requirement = {
				kind = upToNextMajorVersion;
				minimumVersion = 5.0.0;
			};
		};
/* End XCRemoteSwiftPackageReference section */

/* Begin XCSwiftPackageProductDependency section */
		9DD9B9E22A507B610007EDB1 /* FirebaseAnalytics */ = {
			isa = XCSwiftPackageProductDependency;
			package = 9DD9B9E12A507B610007EDB1 /* XCRemoteSwiftPackageReference "firebase-ios-sdk" */;
			productName = FirebaseAnalytics;
		};
		9DD9B9E42A507B610007EDB1 /* FirebaseAnalyticsSwift */ = {
			isa = XCSwiftPackageProductDependency;
			package = 9DD9B9E12A507B610007EDB1 /* XCRemoteSwiftPackageReference "firebase-ios-sdk" */;
			productName = FirebaseAnalyticsSwift;
		};
		9DD9B9E62A507B610007EDB1 /* FirebaseAppCheck */ = {
			isa = XCSwiftPackageProductDependency;
			package = 9DD9B9E12A507B610007EDB1 /* XCRemoteSwiftPackageReference "firebase-ios-sdk" */;
			productName = FirebaseAppCheck;
		};
		9DD9B9E82A507B610007EDB1 /* FirebaseAppDistribution-Beta */ = {
			isa = XCSwiftPackageProductDependency;
			package = 9DD9B9E12A507B610007EDB1 /* XCRemoteSwiftPackageReference "firebase-ios-sdk" */;
			productName = "FirebaseAppDistribution-Beta";
		};
		9DD9B9EA2A507B610007EDB1 /* FirebaseAuth */ = {
			isa = XCSwiftPackageProductDependency;
			package = 9DD9B9E12A507B610007EDB1 /* XCRemoteSwiftPackageReference "firebase-ios-sdk" */;
			productName = FirebaseAuth;
		};
		9DD9B9EC2A507B610007EDB1 /* FirebaseCrashlytics */ = {
			isa = XCSwiftPackageProductDependency;
			package = 9DD9B9E12A507B610007EDB1 /* XCRemoteSwiftPackageReference "firebase-ios-sdk" */;
			productName = FirebaseCrashlytics;
		};
		9DD9B9EE2A507B610007EDB1 /* FirebaseDatabase */ = {
			isa = XCSwiftPackageProductDependency;
			package = 9DD9B9E12A507B610007EDB1 /* XCRemoteSwiftPackageReference "firebase-ios-sdk" */;
			productName = FirebaseDatabase;
		};
		9DD9B9F02A507B610007EDB1 /* FirebaseDatabaseSwift */ = {
			isa = XCSwiftPackageProductDependency;
			package = 9DD9B9E12A507B610007EDB1 /* XCRemoteSwiftPackageReference "firebase-ios-sdk" */;
			productName = FirebaseDatabaseSwift;
		};
		9DD9B9F22A507B610007EDB1 /* FirebaseDynamicLinks */ = {
			isa = XCSwiftPackageProductDependency;
			package = 9DD9B9E12A507B610007EDB1 /* XCRemoteSwiftPackageReference "firebase-ios-sdk" */;
			productName = FirebaseDynamicLinks;
		};
		9DD9B9F42A507B610007EDB1 /* FirebaseFirestore */ = {
			isa = XCSwiftPackageProductDependency;
			package = 9DD9B9E12A507B610007EDB1 /* XCRemoteSwiftPackageReference "firebase-ios-sdk" */;
			productName = FirebaseFirestore;
		};
		9DD9B9F62A507B610007EDB1 /* FirebaseFirestoreSwift */ = {
			isa = XCSwiftPackageProductDependency;
			package = 9DD9B9E12A507B610007EDB1 /* XCRemoteSwiftPackageReference "firebase-ios-sdk" */;
			productName = FirebaseFirestoreSwift;
		};
		9DD9B9F82A507B610007EDB1 /* FirebaseFunctions */ = {
			isa = XCSwiftPackageProductDependency;
			package = 9DD9B9E12A507B610007EDB1 /* XCRemoteSwiftPackageReference "firebase-ios-sdk" */;
			productName = FirebaseFunctions;
		};
		9DD9B9FA2A507B610007EDB1 /* FirebaseStorage */ = {
			isa = XCSwiftPackageProductDependency;
			package = 9DD9B9E12A507B610007EDB1 /* XCRemoteSwiftPackageReference "firebase-ios-sdk" */;
			productName = FirebaseStorage;
		};
		9DD9BA022A542DFB0007EDB1 /* Kingfisher */ = {
			isa = XCSwiftPackageProductDependency;
			package = 9DD9BA012A542DFB0007EDB1 /* XCRemoteSwiftPackageReference "Kingfisher" */;
			productName = Kingfisher;
		};
		9DE036D52A2E0FB100412B4D /* SnapKit */ = {
			isa = XCSwiftPackageProductDependency;
			package = 9DE036D42A2E0FB100412B4D /* XCRemoteSwiftPackageReference "SnapKit" */;
			productName = SnapKit;
		};
/* End XCSwiftPackageProductDependency section */
	};
	rootObject = 9DE0366D2A2DF34E00412B4D /* Project object */;
}
